{
  "version": 4,
  "terraform_version": "1.3.7",
  "serial": 756,
  "lineage": "167264fb-3e2f-2565-76f8-9fc80ea7762b",
  "outputs": {},
  "resources": [
    {
      "mode": "managed",
      "type": "google_compute_address",
      "name": "jenkinsaddress",
      "provider": "provider[\"registry.terraform.io/hashicorp/google\"]",
      "instances": [
        {
          "schema_version": 0,
          "attributes": {
            "address": "34.22.147.212",
            "address_type": "EXTERNAL",
            "creation_timestamp": "2023-02-17T05:04:00.658-08:00",
            "description": "",
            "id": "projects/david-emad-project/regions/europe-west1/addresses/jenkinsaddress",
            "name": "jenkinsaddress",
            "network": "",
            "network_tier": "PREMIUM",
            "prefix_length": 0,
            "project": "david-emad-project",
            "purpose": "",
            "region": "europe-west1",
            "self_link": "https://www.googleapis.com/compute/v1/projects/david-emad-project/regions/europe-west1/addresses/jenkinsaddress",
            "subnetwork": "",
            "timeouts": null,
            "users": []
          },
          "sensitive_attributes": [],
          "private": "eyJlMmJmYjczMC1lY2FhLTExZTYtOGY4OC0zNDM2M2JjN2M0YzAiOnsiY3JlYXRlIjoxMjAwMDAwMDAwMDAwLCJkZWxldGUiOjEyMDAwMDAwMDAwMDB9fQ==",
          "dependencies": [
            "google_compute_network.vpc_network",
            "google_compute_subnetwork.restricted-subnet"
          ]
        }
      ]
    },
    {
      "mode": "managed",
      "type": "google_compute_address",
      "name": "nataddress",
      "provider": "provider[\"registry.terraform.io/hashicorp/google\"]",
      "instances": [
        {
          "schema_version": 0,
          "attributes": {
            "address": "35.205.149.104",
            "address_type": "EXTERNAL",
            "creation_timestamp": "2023-02-17T05:04:01.463-08:00",
            "description": "",
            "id": "projects/david-emad-project/regions/europe-west1/addresses/nataddress",
            "name": "nataddress",
            "network": "",
            "network_tier": "PREMIUM",
            "prefix_length": 0,
            "project": "david-emad-project",
            "purpose": "",
            "region": "europe-west1",
            "self_link": "https://www.googleapis.com/compute/v1/projects/david-emad-project/regions/europe-west1/addresses/nataddress",
            "subnetwork": "",
            "timeouts": null,
            "users": []
          },
          "sensitive_attributes": [],
          "private": "eyJlMmJmYjczMC1lY2FhLTExZTYtOGY4OC0zNDM2M2JjN2M0YzAiOnsiY3JlYXRlIjoxMjAwMDAwMDAwMDAwLCJkZWxldGUiOjEyMDAwMDAwMDAwMDB9fQ==",
          "dependencies": [
            "google_compute_network.vpc_network",
            "google_compute_subnetwork.management-subnet"
          ]
        }
      ]
    },
    {
      "mode": "managed",
      "type": "google_compute_firewall",
      "name": "allow-ingress-from-iap",
      "provider": "provider[\"registry.terraform.io/hashicorp/google\"]",
      "instances": [
        {
          "schema_version": 1,
          "attributes": {
            "allow": [
              {
                "ports": [
                  "22"
                ],
                "protocol": "tcp"
              }
            ],
            "creation_timestamp": "2023-02-17T05:03:37.672-08:00",
            "deny": [],
            "description": "",
            "destination_ranges": [],
            "direction": "INGRESS",
            "disabled": false,
            "enable_logging": null,
            "id": "projects/david-emad-project/global/firewalls/allow-ingress-from-iap",
            "log_config": [],
            "name": "allow-ingress-from-iap",
            "network": "https://www.googleapis.com/compute/v1/projects/david-emad-project/global/networks/vpc-network",
            "priority": 1000,
            "project": "david-emad-project",
            "self_link": "https://www.googleapis.com/compute/v1/projects/david-emad-project/global/firewalls/allow-ingress-from-iap",
            "source_ranges": [
              "35.235.240.0/20"
            ],
            "source_service_accounts": null,
            "source_tags": null,
            "target_service_accounts": null,
            "target_tags": null,
            "timeouts": null
          },
          "sensitive_attributes": [],
          "private": "eyJlMmJmYjczMC1lY2FhLTExZTYtOGY4OC0zNDM2M2JjN2M0YzAiOnsiY3JlYXRlIjoxMjAwMDAwMDAwMDAwLCJkZWxldGUiOjEyMDAwMDAwMDAwMDAsInVwZGF0ZSI6MTIwMDAwMDAwMDAwMH0sInNjaGVtYV92ZXJzaW9uIjoiMSJ9",
          "dependencies": [
            "google_compute_network.vpc_network"
          ]
        }
      ]
    },
    {
      "mode": "managed",
      "type": "google_compute_instance",
      "name": "private-vm",
      "provider": "provider[\"registry.terraform.io/hashicorp/google\"]",
      "instances": [
        {
          "schema_version": 6,
          "attributes": {
            "advanced_machine_features": [],
            "allow_stopping_for_update": null,
            "attached_disk": [],
            "boot_disk": [
              {
                "auto_delete": true,
                "device_name": "persistent-disk-0",
                "disk_encryption_key_raw": "",
                "disk_encryption_key_sha256": "",
                "initialize_params": [
                  {
                    "image": "https://www.googleapis.com/compute/v1/projects/debian-cloud/global/images/debian-11-bullseye-v20230206",
                    "labels": {},
                    "size": 10,
                    "type": "pd-standard"
                  }
                ],
                "kms_key_self_link": "",
                "mode": "READ_WRITE",
                "source": "https://www.googleapis.com/compute/v1/projects/david-emad-project/zones/europe-west1-b/disks/private-vm"
              }
            ],
            "can_ip_forward": false,
            "confidential_instance_config": [],
            "cpu_platform": "Intel Broadwell",
            "current_status": "RUNNING",
            "deletion_protection": false,
            "description": "",
            "desired_status": null,
            "enable_display": false,
            "guest_accelerator": [],
            "hostname": "",
            "id": "projects/david-emad-project/zones/europe-west1-b/instances/private-vm",
            "instance_id": "1432020341080900468",
            "label_fingerprint": "42WmSpB8rSM=",
            "labels": null,
            "machine_type": "e2-medium",
            "metadata": null,
            "metadata_fingerprint": "BduGfxIOWms=",
            "metadata_startup_script": null,
            "min_cpu_platform": "",
            "name": "private-vm",
            "network_interface": [
              {
                "access_config": [],
                "alias_ip_range": [],
                "ipv6_access_config": [],
                "ipv6_access_type": "",
                "name": "nic0",
                "network": "https://www.googleapis.com/compute/v1/projects/david-emad-project/global/networks/vpc-network",
                "network_ip": "10.0.1.2",
                "nic_type": "",
                "queue_count": 0,
                "stack_type": "IPV4_ONLY",
                "subnetwork": "https://www.googleapis.com/compute/v1/projects/david-emad-project/regions/europe-west1/subnetworks/management-subnet",
                "subnetwork_project": "david-emad-project"
              }
            ],
            "project": "david-emad-project",
            "reservation_affinity": [],
            "resource_policies": null,
            "scheduling": [
              {
                "automatic_restart": true,
                "instance_termination_action": "",
                "min_node_cpus": 0,
                "node_affinities": [],
                "on_host_maintenance": "MIGRATE",
                "preemptible": false,
                "provisioning_model": "STANDARD"
              }
            ],
            "scratch_disk": [],
            "self_link": "https://www.googleapis.com/compute/v1/projects/david-emad-project/zones/europe-west1-b/instances/private-vm",
            "service_account": [
              {
                "email": "service-for-vm@david-emad-project.iam.gserviceaccount.com",
                "scopes": [
                  "https://www.googleapis.com/auth/cloud-platform"
                ]
              }
            ],
            "shielded_instance_config": [
              {
                "enable_integrity_monitoring": true,
                "enable_secure_boot": false,
                "enable_vtpm": true
              }
            ],
            "tags": null,
            "tags_fingerprint": "42WmSpB8rSM=",
            "timeouts": null,
            "zone": "europe-west1-b"
          },
          "sensitive_attributes": [],
          "private": "eyJlMmJmYjczMC1lY2FhLTExZTYtOGY4OC0zNDM2M2JjN2M0YzAiOnsiY3JlYXRlIjoxMjAwMDAwMDAwMDAwLCJkZWxldGUiOjEyMDAwMDAwMDAwMDAsInVwZGF0ZSI6MTIwMDAwMDAwMDAwMH0sInNjaGVtYV92ZXJzaW9uIjoiNiJ9",
          "dependencies": [
            "google_compute_network.vpc_network",
            "google_compute_subnetwork.management-subnet",
            "google_compute_subnetwork.restricted-subnet",
            "google_container_cluster.private-cluster",
            "google_service_account.service-for-vm"
          ]
        }
      ]
    },
    {
      "mode": "managed",
      "type": "google_compute_network",
      "name": "vpc_network",
      "provider": "provider[\"registry.terraform.io/hashicorp/google\"]",
      "instances": [
        {
          "schema_version": 0,
          "attributes": {
            "auto_create_subnetworks": false,
            "delete_default_routes_on_create": false,
            "description": "",
            "enable_ula_internal_ipv6": false,
            "gateway_ipv4": "",
            "id": "projects/david-emad-project/global/networks/vpc-network",
            "internal_ipv6_range": "",
            "mtu": 1460,
            "name": "vpc-network",
            "project": "david-emad-project",
            "routing_mode": "REGIONAL",
            "self_link": "https://www.googleapis.com/compute/v1/projects/david-emad-project/global/networks/vpc-network",
            "timeouts": null
          },
          "sensitive_attributes": [],
          "private": "eyJlMmJmYjczMC1lY2FhLTExZTYtOGY4OC0zNDM2M2JjN2M0YzAiOnsiY3JlYXRlIjoxMjAwMDAwMDAwMDAwLCJkZWxldGUiOjEyMDAwMDAwMDAwMDAsInVwZGF0ZSI6MTIwMDAwMDAwMDAwMH19"
        }
      ]
    },
    {
      "mode": "managed",
      "type": "google_compute_router",
      "name": "router",
      "provider": "provider[\"registry.terraform.io/hashicorp/google\"]",
      "instances": [
        {
          "schema_version": 0,
          "attributes": {
            "bgp": [
              {
                "advertise_mode": "DEFAULT",
                "advertised_groups": null,
                "advertised_ip_ranges": [],
                "asn": 64514,
                "keepalive_interval": 20
              }
            ],
            "creation_timestamp": "2023-02-17T05:04:01.455-08:00",
            "description": "",
            "encrypted_interconnect_router": false,
            "id": "projects/david-emad-project/regions/europe-west1/routers/my-router",
            "name": "my-router",
            "network": "https://www.googleapis.com/compute/v1/projects/david-emad-project/global/networks/vpc-network",
            "project": "david-emad-project",
            "region": "europe-west1",
            "self_link": "https://www.googleapis.com/compute/v1/projects/david-emad-project/regions/europe-west1/routers/my-router",
            "timeouts": null
          },
          "sensitive_attributes": [],
          "private": "eyJlMmJmYjczMC1lY2FhLTExZTYtOGY4OC0zNDM2M2JjN2M0YzAiOnsiY3JlYXRlIjoxMjAwMDAwMDAwMDAwLCJkZWxldGUiOjEyMDAwMDAwMDAwMDAsInVwZGF0ZSI6MTIwMDAwMDAwMDAwMH19",
          "dependencies": [
            "google_compute_network.vpc_network",
            "google_compute_subnetwork.management-subnet"
          ]
        }
      ]
    },
    {
      "mode": "managed",
      "type": "google_compute_router",
      "name": "router-jenkins",
      "provider": "provider[\"registry.terraform.io/hashicorp/google\"]",
      "instances": [
        {
          "schema_version": 0,
          "attributes": {
            "bgp": [
              {
                "advertise_mode": "DEFAULT",
                "advertised_groups": null,
                "advertised_ip_ranges": [],
                "asn": 64514,
                "keepalive_interval": 20
              }
            ],
            "creation_timestamp": "2023-02-17T05:04:00.645-08:00",
            "description": "",
            "encrypted_interconnect_router": false,
            "id": "projects/david-emad-project/regions/europe-west1/routers/router-jenkins",
            "name": "router-jenkins",
            "network": "https://www.googleapis.com/compute/v1/projects/david-emad-project/global/networks/vpc-network",
            "project": "david-emad-project",
            "region": "europe-west1",
            "self_link": "https://www.googleapis.com/compute/v1/projects/david-emad-project/regions/europe-west1/routers/router-jenkins",
            "timeouts": null
          },
          "sensitive_attributes": [],
          "private": "eyJlMmJmYjczMC1lY2FhLTExZTYtOGY4OC0zNDM2M2JjN2M0YzAiOnsiY3JlYXRlIjoxMjAwMDAwMDAwMDAwLCJkZWxldGUiOjEyMDAwMDAwMDAwMDAsInVwZGF0ZSI6MTIwMDAwMDAwMDAwMH19",
          "dependencies": [
            "google_compute_network.vpc_network",
            "google_compute_subnetwork.restricted-subnet"
          ]
        }
      ]
    },
    {
      "mode": "managed",
      "type": "google_compute_router_nat",
      "name": "nat",
      "provider": "provider[\"registry.terraform.io/hashicorp/google\"]",
      "instances": [
        {
          "schema_version": 0,
          "attributes": {
            "drain_nat_ips": null,
            "enable_dynamic_port_allocation": false,
            "enable_endpoint_independent_mapping": true,
            "icmp_idle_timeout_sec": 30,
            "id": "david-emad-project/europe-west1/my-router/nat",
            "log_config": [],
            "max_ports_per_vm": 0,
            "min_ports_per_vm": 0,
            "name": "nat",
            "nat_ip_allocate_option": "MANUAL_ONLY",
            "nat_ips": [
              "https://www.googleapis.com/compute/v1/projects/david-emad-project/regions/europe-west1/addresses/nataddress"
            ],
            "project": "david-emad-project",
            "region": "europe-west1",
            "router": "my-router",
            "rules": [],
            "source_subnetwork_ip_ranges_to_nat": "LIST_OF_SUBNETWORKS",
            "subnetwork": [
              {
                "name": "projects/david-emad-project/regions/europe-west1/subnetworks/management-subnet",
                "secondary_ip_range_names": [],
                "source_ip_ranges_to_nat": [
                  "ALL_IP_RANGES"
                ]
              }
            ],
            "tcp_established_idle_timeout_sec": 1200,
            "tcp_time_wait_timeout_sec": 120,
            "tcp_transitory_idle_timeout_sec": 30,
            "timeouts": null,
            "udp_idle_timeout_sec": 30
          },
          "sensitive_attributes": [],
          "private": "eyJlMmJmYjczMC1lY2FhLTExZTYtOGY4OC0zNDM2M2JjN2M0YzAiOnsiY3JlYXRlIjoxMjAwMDAwMDAwMDAwLCJkZWxldGUiOjEyMDAwMDAwMDAwMDAsInVwZGF0ZSI6MTIwMDAwMDAwMDAwMH19",
          "dependencies": [
            "google_compute_address.nataddress",
            "google_compute_network.vpc_network",
            "google_compute_router.router",
            "google_compute_subnetwork.management-subnet"
          ]
        }
      ]
    },
    {
      "mode": "managed",
      "type": "google_compute_router_nat",
      "name": "private-nat",
      "provider": "provider[\"registry.terraform.io/hashicorp/google\"]",
      "instances": [
        {
          "schema_version": 0,
          "attributes": {
            "drain_nat_ips": null,
            "enable_dynamic_port_allocation": false,
            "enable_endpoint_independent_mapping": true,
            "icmp_idle_timeout_sec": 30,
            "id": "david-emad-project/europe-west1/router-jenkins/private-nat",
            "log_config": [],
            "max_ports_per_vm": 0,
            "min_ports_per_vm": 0,
            "name": "private-nat",
            "nat_ip_allocate_option": "MANUAL_ONLY",
            "nat_ips": [
              "https://www.googleapis.com/compute/v1/projects/david-emad-project/regions/europe-west1/addresses/jenkinsaddress"
            ],
            "project": "david-emad-project",
            "region": "europe-west1",
            "router": "router-jenkins",
            "rules": [],
            "source_subnetwork_ip_ranges_to_nat": "LIST_OF_SUBNETWORKS",
            "subnetwork": [
              {
                "name": "projects/david-emad-project/regions/europe-west1/subnetworks/restricted-subnet",
                "secondary_ip_range_names": [],
                "source_ip_ranges_to_nat": [
                  "ALL_IP_RANGES"
                ]
              }
            ],
            "tcp_established_idle_timeout_sec": 1200,
            "tcp_time_wait_timeout_sec": 120,
            "tcp_transitory_idle_timeout_sec": 30,
            "timeouts": null,
            "udp_idle_timeout_sec": 30
          },
          "sensitive_attributes": [],
          "private": "eyJlMmJmYjczMC1lY2FhLTExZTYtOGY4OC0zNDM2M2JjN2M0YzAiOnsiY3JlYXRlIjoxMjAwMDAwMDAwMDAwLCJkZWxldGUiOjEyMDAwMDAwMDAwMDAsInVwZGF0ZSI6MTIwMDAwMDAwMDAwMH19",
          "dependencies": [
            "google_compute_address.jenkinsaddress",
            "google_compute_network.vpc_network",
            "google_compute_router.router-jenkins",
            "google_compute_subnetwork.restricted-subnet"
          ]
        }
      ]
    },
    {
      "mode": "managed",
      "type": "google_compute_subnetwork",
      "name": "management-subnet",
      "provider": "provider[\"registry.terraform.io/hashicorp/google\"]",
      "instances": [
        {
          "schema_version": 0,
          "attributes": {
            "creation_timestamp": "2023-02-17T05:03:40.137-08:00",
            "description": "",
            "external_ipv6_prefix": "",
            "fingerprint": null,
            "gateway_address": "10.0.1.1",
            "id": "projects/david-emad-project/regions/europe-west1/subnetworks/management-subnet",
            "ip_cidr_range": "10.0.1.0/24",
            "ipv6_access_type": "",
            "ipv6_cidr_range": "",
            "log_config": [],
            "name": "management-subnet",
            "network": "https://www.googleapis.com/compute/v1/projects/david-emad-project/global/networks/vpc-network",
            "private_ip_google_access": false,
            "private_ipv6_google_access": "DISABLE_GOOGLE_ACCESS",
            "project": "david-emad-project",
            "purpose": "PRIVATE",
            "region": "europe-west1",
            "role": "",
            "secondary_ip_range": [],
            "self_link": "https://www.googleapis.com/compute/v1/projects/david-emad-project/regions/europe-west1/subnetworks/management-subnet",
            "stack_type": "IPV4_ONLY",
            "timeouts": null
          },
          "sensitive_attributes": [],
          "private": "eyJlMmJmYjczMC1lY2FhLTExZTYtOGY4OC0zNDM2M2JjN2M0YzAiOnsiY3JlYXRlIjoxMjAwMDAwMDAwMDAwLCJkZWxldGUiOjEyMDAwMDAwMDAwMDAsInVwZGF0ZSI6MTIwMDAwMDAwMDAwMH19",
          "dependencies": [
            "google_compute_network.vpc_network"
          ]
        }
      ]
    },
    {
      "mode": "managed",
      "type": "google_compute_subnetwork",
      "name": "restricted-subnet",
      "provider": "provider[\"registry.terraform.io/hashicorp/google\"]",
      "instances": [
        {
          "schema_version": 0,
          "attributes": {
            "creation_timestamp": "2023-02-17T05:03:38.387-08:00",
            "description": "",
            "external_ipv6_prefix": "",
            "fingerprint": null,
            "gateway_address": "10.0.2.1",
            "id": "projects/david-emad-project/regions/europe-west1/subnetworks/restricted-subnet",
            "ip_cidr_range": "10.0.2.0/24",
            "ipv6_access_type": "",
            "ipv6_cidr_range": "",
            "log_config": [],
            "name": "restricted-subnet",
            "network": "https://www.googleapis.com/compute/v1/projects/david-emad-project/global/networks/vpc-network",
            "private_ip_google_access": false,
            "private_ipv6_google_access": "DISABLE_GOOGLE_ACCESS",
            "project": "david-emad-project",
            "purpose": "PRIVATE",
            "region": "europe-west1",
            "role": "",
            "secondary_ip_range": [],
            "self_link": "https://www.googleapis.com/compute/v1/projects/david-emad-project/regions/europe-west1/subnetworks/restricted-subnet",
            "stack_type": "IPV4_ONLY",
            "timeouts": null
          },
          "sensitive_attributes": [],
          "private": "eyJlMmJmYjczMC1lY2FhLTExZTYtOGY4OC0zNDM2M2JjN2M0YzAiOnsiY3JlYXRlIjoxMjAwMDAwMDAwMDAwLCJkZWxldGUiOjEyMDAwMDAwMDAwMDAsInVwZGF0ZSI6MTIwMDAwMDAwMDAwMH19",
          "dependencies": [
            "google_compute_network.vpc_network"
          ]
        }
      ]
    },
    {
      "mode": "managed",
      "type": "google_container_cluster",
      "name": "private-cluster",
      "provider": "provider[\"registry.terraform.io/hashicorp/google\"]",
      "instances": [
        {
          "schema_version": 1,
          "attributes": {
            "addons_config": [
              {
                "cloudrun_config": [],
                "config_connector_config": [],
                "dns_cache_config": [],
                "gce_persistent_disk_csi_driver_config": [
                  {
                    "enabled": true
                  }
                ],
                "gcp_filestore_csi_driver_config": [],
                "gke_backup_agent_config": [],
                "horizontal_pod_autoscaling": [],
                "http_load_balancing": [],
                "network_policy_config": [
                  {
                    "disabled": true
                  }
                ]
              }
            ],
            "authenticator_groups_config": [],
            "binary_authorization": [
              {
                "enabled": false,
                "evaluation_mode": ""
              }
            ],
            "cluster_autoscaling": [
              {
                "auto_provisioning_defaults": [],
                "enabled": false,
                "resource_limits": []
              }
            ],
            "cluster_ipv4_cidr": "10.1.0.0/16",
            "confidential_nodes": [],
            "cost_management_config": [],
            "database_encryption": [
              {
                "key_name": "",
                "state": "DECRYPTED"
              }
            ],
            "datapath_provider": "",
            "default_max_pods_per_node": 110,
            "default_snat_status": [
              {
                "disabled": false
              }
            ],
            "description": "",
            "dns_config": [],
            "enable_autopilot": false,
            "enable_binary_authorization": false,
            "enable_intranode_visibility": false,
            "enable_kubernetes_alpha": false,
            "enable_l4_ilb_subsetting": false,
            "enable_legacy_abac": false,
            "enable_shielded_nodes": true,
            "enable_tpu": false,
            "endpoint": "172.16.0.34",
            "gateway_api_config": [],
            "id": "projects/david-emad-project/locations/europe-west1/clusters/private-cluster",
            "initial_node_count": 1,
            "ip_allocation_policy": [
              {
                "cluster_ipv4_cidr_block": "10.1.0.0/16",
                "cluster_secondary_range_name": "gke-private-cluster-pods-199f1123",
                "services_ipv4_cidr_block": "10.2.0.0/16",
                "services_secondary_range_name": "gke-private-cluster-services-199f1123"
              }
            ],
            "label_fingerprint": "a9dc16a7",
            "location": "europe-west1",
            "logging_config": [
              {
                "enable_components": [
                  "SYSTEM_COMPONENTS",
                  "WORKLOADS"
                ]
              }
            ],
            "logging_service": "logging.googleapis.com/kubernetes",
            "maintenance_policy": [],
            "master_auth": [
              {
                "client_certificate": "",
                "client_certificate_config": [
                  {
                    "issue_client_certificate": false
                  }
                ],
                "client_key": "",
                "cluster_ca_certificate": "LS0tLS1CRUdJTiBDRVJUSUZJQ0FURS0tLS0tCk1JSUVMVENDQXBXZ0F3SUJBZ0lSQUtvVHpyTjVjZ051TW9wS1JxSkQ3OFV3RFFZSktvWklodmNOQVFFTEJRQXcKTHpFdE1Dc0dBMVVFQXhNa1pqZG1aRGMyTlRZdE16RXdaaTAwTmpjNExXSm1OVFF0T0dNNVpHTTBNMlpoTTJRNApNQ0FYRFRJek1ESXhOekV5TURRd01Wb1lEekl3TlRNd01qQTVNVE13TkRBeFdqQXZNUzB3S3dZRFZRUURFeVJtCk4yWmtOelkxTmkwek1UQm1MVFEyTnpndFltWTFOQzA0WXpsa1l6UXpabUV6WkRnd2dnR2lNQTBHQ1NxR1NJYjMKRFFFQkFRVUFBNElCandBd2dnR0tBb0lCZ1FDOC9tSDA1R0xXTGgwOHQ4TmtGeGhPQ3dZYnZjWlA1TTRWaGJpZApjMFpsYXF0ZzNyeTBobldtZmY4aTBka0JFdXBhUDI0OVNIeDdkRnhmbGFtaFpOMWtLWlpwalhrenQ5K284aFl0Cmpsay9oZWV6NThRVDJJTWpTdHluMnBTWFd6SlF3TWcrLytDOVk2NWJLUmswTmh0ZG1DOUM1SHE4eG5xTXNlTk0KRmNpTnVNckVkUk1FWHRUVFFVMGlWQlV3dE5VenJTR2hZS2FSSGl6UmVTZStsMms0MEVTbnB6V2NnSXI0Q0VUdQpHQWpUYmRLa3NpNm9idG04THN2c1NHcHZhT2FKL2pXOWZ5VDFydTRtcnVRRjh0M3JWWU5iZWZZajUvZmRZM1V2CkhlMDRZbHhzUWpSV29tUGM5TnczNE9hNWlXdFdjSWJGVzlGVVRXWWo4N1NZcDcxMk9rNG9yQ2FMU29NSmRKUjgKQ01Xa28yb3pkNlVBWTBHM25LcGF1ekR3bVlMOVZ5MnNTRVdhVmxGV1J5SE9pWFNzY2w1MnZlRnI3OXRzdWZmdwpXTHBKWWY0K2hJOG5FZU8ySUJteWdadkR3aklYbjdtdmFUQms3NmdxK3VjK0J4d0grcnEzV3dwbktORk5pZDV3CkZCZ05qdzBLMXAwdm5GNzZJb2FiVUx2RXRUY0NBd0VBQWFOQ01FQXdEZ1lEVlIwUEFRSC9CQVFEQWdJRU1BOEcKQTFVZEV3RUIvd1FGTUFNQkFmOHdIUVlEVlIwT0JCWUVGS3FjOXF0b2JId2xYQmVJRWI4VlVTOXlYeDEwTUEwRwpDU3FHU0liM0RRRUJDd1VBQTRJQmdRQk9pc2JQbVJOWEtzWTR3ZUF4MGM4OTVoNW93R3pXY0J4b3NqY1FLWmdTCmRKUzZKWjJ6ZzVvS1dIQlhKQXRmSkNRMVp1bzluUU9vUmtDbzgvMGxGcU5PUWJDRndsOVZSbTZ5S3BvSlFZNTEKM3FXS3EvbjJqd1NmWkFEbzRqb1lleWNRYksybXcrZkxuaW1sSmc3dFl3SFhrdHd0Vk1XNzY0b2RmRnFJOVJ6RQplenB4alpNUnZxSXZteDc2TXJtTHA3UDF0RUN6OUFKMTl4d04ySTQxeU5SbnR5WnIzUjdOQlJTUnJNMURzalQ5CitlMFNnM0Z2ZVlaSXVaUVR0N3pxc3NQS0ZOdTFTQ0JmNHNleUc4N25acTZUYWVKcmxoN2RRZ21sQ21qVW1xOVgKRTE0R0tjZmV0ZDhRWGVScTFiWk1hOHpoVWVjckJWNzFpc25VeWY0NG5GUlYyd3VieEMyRUZyTThKVzdPRVhVMwpaa1JYaFl1WFYxUy9OQjNubGZUNi9laXUrT2g5eFRlaDJ3ekZEQmttNjN0cnUyeEJxZFBLYk1nRytySk1GVVZrCmNrREVBSXcrRG9ab3ZtUlkrNzdGL2NKOGF4V3h2d0V3RDFOSmVkcXZ1VWhPN0ovZzRZU1ZqVFNYdTU5QXlTSXIKci8rOGQxa3REL2d3eEZGYUpad0tIK009Ci0tLS0tRU5EIENFUlRJRklDQVRFLS0tLS0K"
              }
            ],
            "master_authorized_networks_config": [
              {
                "cidr_blocks": [
                  {
                    "cidr_block": "10.0.1.0/24",
                    "display_name": "trusted-networks-from-private-vm"
                  }
                ],
                "gcp_public_cidrs_access_enabled": false
              }
            ],
            "master_version": "1.23.14-gke.1800",
            "mesh_certificates": [],
            "min_master_version": null,
            "monitoring_config": [
              {
                "enable_components": [
                  "SYSTEM_COMPONENTS"
                ],
                "managed_prometheus": []
              }
            ],
            "monitoring_service": "monitoring.googleapis.com/kubernetes",
            "name": "private-cluster",
            "network": "projects/david-emad-project/global/networks/vpc-network",
            "network_policy": [
              {
                "enabled": false,
                "provider": "PROVIDER_UNSPECIFIED"
              }
            ],
            "networking_mode": "VPC_NATIVE",
            "node_config": [],
            "node_locations": [
              "europe-west1-b",
              "europe-west1-c",
              "europe-west1-d"
            ],
            "node_pool": [],
            "node_pool_defaults": [
              {
                "node_config_defaults": [
                  {
                    "logging_variant": "DEFAULT"
                  }
                ]
              }
            ],
            "node_version": "1.23.14-gke.1800",
            "notification_config": [
              {
                "pubsub": [
                  {
                    "enabled": false,
                    "filter": [],
                    "topic": ""
                  }
                ]
              }
            ],
            "operation": null,
            "private_cluster_config": [
              {
                "enable_private_endpoint": true,
                "enable_private_nodes": true,
                "master_global_access_config": [
                  {
                    "enabled": false
                  }
                ],
                "master_ipv4_cidr_block": "172.16.0.32/28",
                "peering_name": "gke-neaa2a963f557a9e74c1-918e-1ffb-peer",
                "private_endpoint": "172.16.0.34",
                "private_endpoint_subnetwork": "",
                "public_endpoint": "35.187.183.89"
              }
            ],
            "private_ipv6_google_access": "",
            "project": "david-emad-project",
            "release_channel": [
              {
                "channel": "STABLE"
              }
            ],
            "remove_default_node_pool": true,
            "resource_labels": null,
            "resource_usage_export_config": [],
            "self_link": "https://container.googleapis.com/v1/projects/david-emad-project/locations/europe-west1/clusters/private-cluster",
            "service_external_ips_config": [
              {
                "enabled": false
              }
            ],
            "services_ipv4_cidr": "10.2.0.0/16",
            "subnetwork": "projects/david-emad-project/regions/europe-west1/subnetworks/restricted-subnet",
            "timeouts": null,
            "tpu_ipv4_cidr_block": "",
            "vertical_pod_autoscaling": [
              {
                "enabled": true
              }
            ],
            "workload_identity_config": []
          },
          "sensitive_attributes": [],
          "private": "eyJlMmJmYjczMC1lY2FhLTExZTYtOGY4OC0zNDM2M2JjN2M0YzAiOnsiY3JlYXRlIjoyNDAwMDAwMDAwMDAwLCJkZWxldGUiOjI0MDAwMDAwMDAwMDAsInJlYWQiOjI0MDAwMDAwMDAwMDAsInVwZGF0ZSI6MzYwMDAwMDAwMDAwMH0sInNjaGVtYV92ZXJzaW9uIjoiMSJ9",
          "dependencies": [
            "google_compute_network.vpc_network",
            "google_compute_subnetwork.restricted-subnet"
          ]
        }
      ]
    },
    {
      "mode": "managed",
      "type": "google_container_node_pool",
      "name": "primary_preemptible_nodes",
      "provider": "provider[\"registry.terraform.io/hashicorp/google\"]",
      "instances": [
        {
          "schema_version": 1,
          "attributes": {
            "autoscaling": [],
            "cluster": "projects/david-emad-project/locations/europe-west1/clusters/private-cluster",
            "id": "projects/david-emad-project/locations/europe-west1/clusters/private-cluster/nodePools/my-node-pool",
            "initial_node_count": 1,
            "instance_group_urls": [
              "https://www.googleapis.com/compute/v1/projects/david-emad-project/zones/europe-west1-c/instanceGroupManagers/gke-private-cluster-my-node-pool-14b317e2-grp",
              "https://www.googleapis.com/compute/v1/projects/david-emad-project/zones/europe-west1-d/instanceGroupManagers/gke-private-cluster-my-node-pool-3aa4bb4f-grp",
              "https://www.googleapis.com/compute/v1/projects/david-emad-project/zones/europe-west1-b/instanceGroupManagers/gke-private-cluster-my-node-pool-47d4fd75-grp"
            ],
            "location": "europe-west1",
            "managed_instance_group_urls": [
              "https://www.googleapis.com/compute/v1/projects/david-emad-project/zones/europe-west1-c/instanceGroups/gke-private-cluster-my-node-pool-14b317e2-grp",
              "https://www.googleapis.com/compute/v1/projects/david-emad-project/zones/europe-west1-d/instanceGroups/gke-private-cluster-my-node-pool-3aa4bb4f-grp",
              "https://www.googleapis.com/compute/v1/projects/david-emad-project/zones/europe-west1-b/instanceGroups/gke-private-cluster-my-node-pool-47d4fd75-grp"
            ],
            "management": [
              {
                "auto_repair": true,
                "auto_upgrade": true
              }
            ],
            "max_pods_per_node": 110,
            "name": "my-node-pool",
            "name_prefix": "",
            "network_config": [
              {
                "create_pod_range": false,
                "enable_private_nodes": false,
                "pod_ipv4_cidr_block": "10.1.0.0/16",
                "pod_range": "gke-private-cluster-pods-199f1123"
              }
            ],
            "node_config": [
              {
                "boot_disk_kms_key": "",
                "disk_size_gb": 100,
                "disk_type": "pd-standard",
                "gcfs_config": [],
                "guest_accelerator": [],
                "gvnic": [],
                "image_type": "COS_CONTAINERD",
                "kubelet_config": [],
                "labels": {},
                "linux_node_config": [],
                "local_ssd_count": 0,
                "logging_variant": "DEFAULT",
                "machine_type": "e2-standard-2",
                "metadata": {
                  "disable-legacy-endpoints": "true"
                },
                "min_cpu_platform": "",
                "node_group": "",
                "oauth_scopes": [
                  "https://www.googleapis.com/auth/logging.write",
                  "https://www.googleapis.com/auth/monitoring"
                ],
                "preemptible": true,
                "reservation_affinity": [],
                "resource_labels": null,
                "service_account": "default",
                "shielded_instance_config": [
                  {
                    "enable_integrity_monitoring": true,
                    "enable_secure_boot": false
                  }
                ],
                "spot": false,
                "tags": null,
                "taint": [],
                "workload_metadata_config": []
              }
            ],
            "node_count": 1,
            "node_locations": [
              "europe-west1-b",
              "europe-west1-c",
              "europe-west1-d"
            ],
            "operation": null,
            "placement_policy": [],
            "project": "david-emad-project",
            "timeouts": null,
            "upgrade_settings": [
              {
                "blue_green_settings": [],
                "max_surge": 1,
                "max_unavailable": 0,
                "strategy": "SURGE"
              }
            ],
            "version": "1.23.14-gke.1800"
          },
          "sensitive_attributes": [],
          "private": "eyJlMmJmYjczMC1lY2FhLTExZTYtOGY4OC0zNDM2M2JjN2M0YzAiOnsiY3JlYXRlIjoxODAwMDAwMDAwMDAwLCJkZWxldGUiOjE4MDAwMDAwMDAwMDAsInVwZGF0ZSI6MTgwMDAwMDAwMDAwMH0sInNjaGVtYV92ZXJzaW9uIjoiMSJ9",
          "dependencies": [
            "google_compute_network.vpc_network",
            "google_compute_subnetwork.restricted-subnet",
            "google_container_cluster.private-cluster"
          ]
        }
      ]
    },
    {
      "mode": "managed",
      "type": "google_project_iam_member",
      "name": "instance-account",
      "provider": "provider[\"registry.terraform.io/hashicorp/google\"]",
      "instances": [
        {
          "schema_version": 0,
          "attributes": {
            "condition": [],
            "etag": "BwX05PAPXIE=",
            "id": "david-emad-project/roles/container.admin/serviceAccount:service-for-vm@david-emad-project.iam.gserviceaccount.com",
            "member": "serviceAccount:service-for-vm@david-emad-project.iam.gserviceaccount.com",
            "project": "david-emad-project",
            "role": "roles/container.admin"
          },
          "sensitive_attributes": [],
          "private": "bnVsbA==",
          "dependencies": [
            "google_service_account.service-for-vm"
          ]
        }
      ]
    },
    {
      "mode": "managed",
      "type": "google_service_account",
      "name": "service-for-vm",
      "provider": "provider[\"registry.terraform.io/hashicorp/google\"]",
      "instances": [
        {
          "schema_version": 0,
          "attributes": {
            "account_id": "service-for-vm",
            "description": "",
            "disabled": false,
            "display_name": "",
            "email": "service-for-vm@david-emad-project.iam.gserviceaccount.com",
            "id": "projects/david-emad-project/serviceAccounts/service-for-vm@david-emad-project.iam.gserviceaccount.com",
            "member": "serviceAccount:service-for-vm@david-emad-project.iam.gserviceaccount.com",
            "name": "projects/david-emad-project/serviceAccounts/service-for-vm@david-emad-project.iam.gserviceaccount.com",
            "project": "david-emad-project",
            "timeouts": null,
            "unique_id": "113956876419242833544"
          },
          "sensitive_attributes": [],
          "private": "eyJlMmJmYjczMC1lY2FhLTExZTYtOGY4OC0zNDM2M2JjN2M0YzAiOnsiY3JlYXRlIjozMDAwMDAwMDAwMDB9fQ=="
        }
      ]
    },
    {
      "mode": "managed",
      "type": "google_service_account_key",
      "name": "mykey",
      "provider": "provider[\"registry.terraform.io/hashicorp/google\"]",
      "instances": [
        {
          "schema_version": 0,
          "attributes": {
            "id": "projects/david-emad-project/serviceAccounts/service-for-vm@david-emad-project.iam.gserviceaccount.com/keys/2b515bc4fe0f01855474bbc513b555286eef9448",
            "keepers": null,
            "key_algorithm": "KEY_ALG_RSA_2048",
            "name": "projects/david-emad-project/serviceAccounts/service-for-vm@david-emad-project.iam.gserviceaccount.com/keys/2b515bc4fe0f01855474bbc513b555286eef9448",
            "private_key": "ewogICJ0eXBlIjogInNlcnZpY2VfYWNjb3VudCIsCiAgInByb2plY3RfaWQiOiAiZGF2aWQtZW1hZC1wcm9qZWN0IiwKICAicHJpdmF0ZV9rZXlfaWQiOiAiMmI1MTViYzRmZTBmMDE4NTU0NzRiYmM1MTNiNTU1Mjg2ZWVmOTQ0OCIsCiAgInByaXZhdGVfa2V5IjogIi0tLS0tQkVHSU4gUFJJVkFURSBLRVktLS0tLVxuTUlJRXZRSUJBREFOQmdrcWhraUc5dzBCQVFFRkFBU0NCS2N3Z2dTakFnRUFBb0lCQVFEaDhvWjBkZTAwTHFENVxuSERkWWhVQ1Iwb1hPL2V1SXNyQm5qZGpmQy83dHpHb29OdkxkMFdzc0gyTkdkU2FNd1VtMGw3UGN4UnBTZ3NKR1xuUXlvamY3WjNaUEpkWFBWcE5GT1cvc0pZSVM0TGR0UjBlNE1uL0pBb3RKRDZkKzBIaTN6c1hFN2N4a0NrcmlhN1xudG1QLzN6M2JkdFFqT1ZiUkdFclo1N05kUUdMVlBFNzJjSkI4Zi9Zd2JMOFduRTNTcnNTcjA3R0M2U3BpNk1PN1xuUlZyRnJHZVlkMnJ1cHRobXlGTkJQTlVEeHRBMHIyQ2h1bjI3T0IyQzZuRkZacUNnTXVGREJtNmdseHlDejdFd1xuZERVOVovNzRLUDZOMzFQOG45WVRCRnRIY2RlMDh0VlQ4NElJdGJpbVMvRVBYS3FTeGhYRnBhV3UveVFnb1JrQVxuazFXeWpqNC9BZ01CQUFFQ2dnRUFMMlhrOXNGV1JVQVMzSzhpblJzMjlHQXBXY2JDaGlhV0F1TXF2MytRdHVuT1xueXlqYndkU1FtdXpxc25rWTRTWWJCQnRleTgwOVBGblp6MHQvcDNxL0dFVEE0djBCTGxTZnhHa2s4Ny9pSE4yTVxucS9MTkRMSmF1MjlGaW9WbDM5TlBIWFl2eFBpQnp3b0piZzlRNHZnOXpiQWJ5RmZhOG5vYUdhUVZhRlo5WlNXZ1xuamNQMVpycWxmdDZTbVh5UE8zVTNPSzQ3MDJQMWNyejVFdExqczRPVzJOcXpVZGtWMGVNUURTaEU5K3ZXYm1zL1xua0dTWlFyeG1VeWVtdlJ5eWIvaXo2V09lYkY3QklJdDFHa2tFOWJSVVhnWkVIcHJTTHRMOENlUkFhdnNkQVF0VVxubms0M3BodllSWS9NRmF6ZjN6dy83WFdrNDF5ekFXd25rM3FQc0dNNmdRS0JnUUQ5em00bmY4QnNQRGZWTGVCd1xuYzNXRDNIZHArWHV6WGhUek5vQzJZM0Frd0hCWHE1dVN4QzNlVm5VRnoxdHRMTk53dGFJZjNCZ1RXT01zZ1RqTlxueWJZN2RFSEVqV25lK3d3MTQ1YkdDY2RDWFVmTTNwblRLZTBQMy9zb21HSi9kZEovcHZyM3ZOUlVZKzhxSzc4TVxuY0E1MFhncmtjS1pOdG5NTVBUOXVQL0xsTHdLQmdRRGo1blJQbk9NUU9EVjdjdXFnaE1GSTVMWE1tOVE4a3RLTlxuUTRWdTNCcU04bDJ5Umlvd1doMUp5WHI2TGFCZ0ZYVldIdERCMTBZQnJteGh6UHFEUnVZTFNqSTdzTU1TeWpFcVxuVGQ1RWk5M3NkRCtHV3pNRVFZSVZTTnF0WDE4SzJ2Q1BTNlI4Z3NqRWlrL3ZZWG1kQkMxQmNDUVBEMlNQMXQzMlxuSUhlRjBiNFQ4UUtCZ0V2YjIwaXJBbFJYVzBpNFFaRGFzWkVMNEJVb29EUm9ObExMUTRWQUMxQ3d3K013UTN1R1xuYno4NUVCa0FkUThZaXNueFA5Zk43TlE3aVFyUVJLNGRULzVOTFNzV0tVS2dQbklNNkErZzlKRjlWK3gveS9JMVxuWWNtUTVIeXByeWJ4akV6akY3ZmNGSXAwcEJNeXFCT0xtb1psWlZRSjUycnEwVkFqTGtaQmp0TzVBb0dBSXZLNlxuTDJNOXBzVVgzb0IyM25xOU1USnhkcGtHNk9zVEFycXlBWmdiTWpZUWpFQWFSQ1B0amQwcDBLZWlpbG1BRHQ3V1xuNElMa3AybGFFWDFmaFRZZ0hPY1o0UEZ3V0xkTTV0SGVIZURjL1YrdVJpcENIb3IxS2RKc1JsM3pzelJ6NDJXVVxuS2N2Y2dkYzcvdGVSMExSTlJGV3dFZWNvWXE1dWgwbmZTbFFwcytFQ2dZRUFyTkZnSWIzOXFKdzE0bXZTMjhkVVxuTXhZUktvZm14SXA1V2VFdTZMZlZnOWJGa2ZJKzJBMmJLWStiVlJvTFlxc0RHSWM3OWUrKytoUEtXOVo2bndOMlxueUwybFZpNm52OHRjTThDWnh5TTg5SGNEaUNJMUpoN1ZkaHNLVmdJU1BYbkRFSk9YLzh2Wjl1N1JRV2VkSnI0NlxuTzJyZEQ4TDRieWRQTElBUzhaWElnbUU9XG4tLS0tLUVORCBQUklWQVRFIEtFWS0tLS0tXG4iLAogICJjbGllbnRfZW1haWwiOiAic2VydmljZS1mb3Itdm1AZGF2aWQtZW1hZC1wcm9qZWN0LmlhbS5nc2VydmljZWFjY291bnQuY29tIiwKICAiY2xpZW50X2lkIjogIjExMzk1Njg3NjQxOTI0MjgzMzU0NCIsCiAgImF1dGhfdXJpIjogImh0dHBzOi8vYWNjb3VudHMuZ29vZ2xlLmNvbS9vL29hdXRoMi9hdXRoIiwKICAidG9rZW5fdXJpIjogImh0dHBzOi8vb2F1dGgyLmdvb2dsZWFwaXMuY29tL3Rva2VuIiwKICAiYXV0aF9wcm92aWRlcl94NTA5X2NlcnRfdXJsIjogImh0dHBzOi8vd3d3Lmdvb2dsZWFwaXMuY29tL29hdXRoMi92MS9jZXJ0cyIsCiAgImNsaWVudF94NTA5X2NlcnRfdXJsIjogImh0dHBzOi8vd3d3Lmdvb2dsZWFwaXMuY29tL3JvYm90L3YxL21ldGFkYXRhL3g1MDkvc2VydmljZS1mb3Itdm0lNDBkYXZpZC1lbWFkLXByb2plY3QuaWFtLmdzZXJ2aWNlYWNjb3VudC5jb20iCn0K",
            "private_key_type": "TYPE_GOOGLE_CREDENTIALS_FILE",
            "public_key": "LS0tLS1CRUdJTiBDRVJUSUZJQ0FURS0tLS0tCk1JSUMvRENDQWVTZ0F3SUJBZ0lJUEtHSVowMlFLeEl3RFFZSktvWklodmNOQVFFRkJRQXdJREVlTUJ3R0ExVUUKQXhNVk1URXpPVFUyT0RjMk5ERTVNalF5T0RNek5UUTBNQ0FYRFRJek1ESXhOekV6TURNeE5sb1lEems1T1RreApNak14TWpNMU9UVTVXakFnTVI0d0hBWURWUVFERXhVeE1UTTVOVFk0TnpZME1Ua3lOREk0TXpNMU5EUXdnZ0VpCk1BMEdDU3FHU0liM0RRRUJBUVVBQTRJQkR3QXdnZ0VLQW9JQkFRRGg4b1owZGUwMExxRDVIRGRZaFVDUjBvWE8KL2V1SXNyQm5qZGpmQy83dHpHb29OdkxkMFdzc0gyTkdkU2FNd1VtMGw3UGN4UnBTZ3NKR1F5b2pmN1ozWlBKZApYUFZwTkZPVy9zSllJUzRMZHRSMGU0TW4vSkFvdEpENmQrMEhpM3pzWEU3Y3hrQ2tyaWE3dG1QLzN6M2JkdFFqCk9WYlJHRXJaNTdOZFFHTFZQRTcyY0pCOGYvWXdiTDhXbkUzU3JzU3IwN0dDNlNwaTZNTzdSVnJGckdlWWQycnUKcHRobXlGTkJQTlVEeHRBMHIyQ2h1bjI3T0IyQzZuRkZacUNnTXVGREJtNmdseHlDejdFd2REVTlaLzc0S1A2TgozMVA4bjlZVEJGdEhjZGUwOHRWVDg0SUl0YmltUy9FUFhLcVN4aFhGcGFXdS95UWdvUmtBazFXeWpqNC9BZ01CCkFBR2pPREEyTUF3R0ExVWRFd0VCL3dRQ01BQXdEZ1lEVlIwUEFRSC9CQVFEQWdlQU1CWUdBMVVkSlFFQi93UU0KTUFvR0NDc0dBUVVGQndNQ01BMEdDU3FHU0liM0RRRUJCUVVBQTRJQkFRQnZkN09PK3RQaEhrR2VJQTN3UUYxNgpYMlc1YWc2UW1jcUxubjNCQm12SWFWc2h2clQ5cWIwQ0ZCQW1JL1YxN2h4dndhOXZvQnlRb2xRbGVpeVBrMjBwCm9SaGxKYVgybm1lN3owYjdCY3ovaWhLdDBqT09sWUh2MGZLdDFDOXg1NXJObmZMbDU2cGp2cDkvbGFLYm1nRVIKc1VWR1hoT08zWWNIbENuUG5mQXQ3elJlMFlTSUFpK0U3alBwSm80RG5UWGdNMTVvTjRiZzJzYTlRT3JNMWV1TAo2a29OeWdPMk1BWlVFSTltY2R5ZG43d0NyajZuS0k4YzJwOFEvbHFyS29Ic2RzTXVNcDljT0ZFYnZnV2tiZ3Q3ClcxM0pRT0YxcUgwSDBqQzI2SEE3c0VoN04rRGlGZDBOQ1IxdHIzbG16L3VIbHhRTlloSmIyQkxpQy90UXZxaXoKLS0tLS1FTkQgQ0VSVElGSUNBVEUtLS0tLQo=",
            "public_key_data": null,
            "public_key_type": "TYPE_X509_PEM_FILE",
            "service_account_id": "projects/david-emad-project/serviceAccounts/service-for-vm@david-emad-project.iam.gserviceaccount.com",
            "valid_after": "2023-02-17T13:03:16Z",
            "valid_before": "9999-12-31T23:59:59Z"
          },
          "sensitive_attributes": [],
          "private": "bnVsbA==",
          "dependencies": [
            "google_service_account.service-for-vm"
          ]
        }
      ]
    },
    {
      "mode": "managed",
      "type": "local_file",
      "name": "service_account",
      "provider": "provider[\"registry.terraform.io/hashicorp/local\"]",
      "instances": [
        {
          "schema_version": 0,
          "attributes": {
            "content": "{\n  \"type\": \"service_account\",\n  \"project_id\": \"david-emad-project\",\n  \"private_key_id\": \"2b515bc4fe0f01855474bbc513b555286eef9448\",\n  \"private_key\": \"-----BEGIN PRIVATE KEY-----\\nMIIEvQIBADANBgkqhkiG9w0BAQEFAASCBKcwggSjAgEAAoIBAQDh8oZ0de00LqD5\\nHDdYhUCR0oXO/euIsrBnjdjfC/7tzGooNvLd0WssH2NGdSaMwUm0l7PcxRpSgsJG\\nQyojf7Z3ZPJdXPVpNFOW/sJYIS4LdtR0e4Mn/JAotJD6d+0Hi3zsXE7cxkCkria7\\ntmP/3z3bdtQjOVbRGErZ57NdQGLVPE72cJB8f/YwbL8WnE3SrsSr07GC6Spi6MO7\\nRVrFrGeYd2rupthmyFNBPNUDxtA0r2Chun27OB2C6nFFZqCgMuFDBm6glxyCz7Ew\\ndDU9Z/74KP6N31P8n9YTBFtHcde08tVT84IItbimS/EPXKqSxhXFpaWu/yQgoRkA\\nk1Wyjj4/AgMBAAECggEAL2Xk9sFWRUAS3K8inRs29GApWcbChiaWAuMqv3+QtunO\\nyyjbwdSQmuzqsnkY4SYbBBtey809PFnZz0t/p3q/GETA4v0BLlSfxGkk87/iHN2M\\nq/LNDLJau29FioVl39NPHXYvxPiBzwoJbg9Q4vg9zbAbyFfa8noaGaQVaFZ9ZSWg\\njcP1Zrqlft6SmXyPO3U3OK4702P1crz5EtLjs4OW2NqzUdkV0eMQDShE9+vWbms/\\nkGSZQrxmUyemvRyyb/iz6WOebF7BIIt1GkkE9bRUXgZEHprSLtL8CeRAavsdAQtU\\nnk43phvYRY/MFazf3zw/7XWk41yzAWwnk3qPsGM6gQKBgQD9zm4nf8BsPDfVLeBw\\nc3WD3Hdp+XuzXhTzNoC2Y3AkwHBXq5uSxC3eVnUFz1ttLNNwtaIf3BgTWOMsgTjN\\nybY7dEHEjWne+ww145bGCcdCXUfM3pnTKe0P3/somGJ/ddJ/pvr3vNRUY+8qK78M\\ncA50XgrkcKZNtnMMPT9uP/LlLwKBgQDj5nRPnOMQODV7cuqghMFI5LXMm9Q8ktKN\\nQ4Vu3BqM8l2yRiowWh1JyXr6LaBgFXVWHtDB10YBrmxhzPqDRuYLSjI7sMMSyjEq\\nTd5Ei93sdD+GWzMEQYIVSNqtX18K2vCPS6R8gsjEik/vYXmdBC1BcCQPD2SP1t32\\nIHeF0b4T8QKBgEvb20irAlRXW0i4QZDasZEL4BUooDRoNlLLQ4VAC1Cww+MwQ3uG\\nbz85EBkAdQ8YisnxP9fN7NQ7iQrQRK4dT/5NLSsWKUKgPnIM6A+g9JF9V+x/y/I1\\nYcmQ5HyprybxjEzjF7fcFIp0pBMyqBOLmoZlZVQJ52rq0VAjLkZBjtO5AoGAIvK6\\nL2M9psUX3oB23nq9MTJxdpkG6OsTArqyAZgbMjYQjEAaRCPtjd0p0KeiilmADt7W\\n4ILkp2laEX1fhTYgHOcZ4PFwWLdM5tHeHeDc/V+uRipCHor1KdJsRl3zszRz42WU\\nKcvcgdc7/teR0LRNRFWwEecoYq5uh0nfSlQps+ECgYEArNFgIb39qJw14mvS28dU\\nMxYRKofmxIp5WeEu6LfVg9bFkfI+2A2bKY+bVRoLYqsDGIc79e+++hPKW9Z6nwN2\\nyL2lVi6nv8tcM8CZxyM89HcDiCI1Jh7VdhsKVgISPXnDEJOX/8vZ9u7RQWedJr46\\nO2rdD8L4bydPLIAS8ZXIgmE=\\n-----END PRIVATE KEY-----\\n\",\n  \"client_email\": \"service-for-vm@david-emad-project.iam.gserviceaccount.com\",\n  \"client_id\": \"113956876419242833544\",\n  \"auth_uri\": \"https://accounts.google.com/o/oauth2/auth\",\n  \"token_uri\": \"https://oauth2.googleapis.com/token\",\n  \"auth_provider_x509_cert_url\": \"https://www.googleapis.com/oauth2/v1/certs\",\n  \"client_x509_cert_url\": \"https://www.googleapis.com/robot/v1/metadata/x509/service-for-vm%40david-emad-project.iam.gserviceaccount.com\"\n}\n",
            "content_base64": null,
            "directory_permission": "0777",
            "file_permission": "0777",
            "filename": "/home/david/Documents/serviceaccount.json",
            "id": "e324573c43744a3fb50696eb60b97fbdebabc7f7",
            "sensitive_content": null,
            "source": null
          },
          "sensitive_attributes": [
            [
              {
                "type": "get_attr",
                "value": "content"
              }
            ]
          ],
          "dependencies": [
            "google_service_account.service-for-vm",
            "google_service_account_key.mykey"
          ]
        }
      ]
    }
  ],
  "check_results": null
}
