{
  "version": 4,
  "terraform_version": "1.3.7",
  "serial": 792,
  "lineage": "167264fb-3e2f-2565-76f8-9fc80ea7762b",
  "outputs": {},
  "resources": [
    {
      "mode": "managed",
      "type": "google_compute_address",
      "name": "jenkinsaddress",
      "provider": "provider[\"registry.terraform.io/hashicorp/google\"]",
      "instances": [
        {
          "schema_version": 0,
          "attributes": {
            "address": "35.205.149.104",
            "address_type": "EXTERNAL",
            "creation_timestamp": "2023-02-17T06:30:07.871-08:00",
            "description": "",
            "id": "projects/david-emad-project/regions/europe-west1/addresses/jenkinsaddress",
            "name": "jenkinsaddress",
            "network": "",
            "network_tier": "PREMIUM",
            "prefix_length": 0,
            "project": "david-emad-project",
            "purpose": "",
            "region": "europe-west1",
            "self_link": "https://www.googleapis.com/compute/v1/projects/david-emad-project/regions/europe-west1/addresses/jenkinsaddress",
            "subnetwork": "",
            "timeouts": null,
            "users": []
          },
          "sensitive_attributes": [],
          "private": "eyJlMmJmYjczMC1lY2FhLTExZTYtOGY4OC0zNDM2M2JjN2M0YzAiOnsiY3JlYXRlIjoxMjAwMDAwMDAwMDAwLCJkZWxldGUiOjEyMDAwMDAwMDAwMDB9fQ==",
          "dependencies": [
            "google_compute_network.vpc_network",
            "google_compute_subnetwork.restricted-subnet"
          ]
        }
      ]
    },
    {
      "mode": "managed",
      "type": "google_compute_address",
      "name": "nataddress",
      "provider": "provider[\"registry.terraform.io/hashicorp/google\"]",
      "instances": [
        {
          "schema_version": 0,
          "attributes": {
            "address": "34.22.147.212",
            "address_type": "EXTERNAL",
            "creation_timestamp": "2023-02-17T06:30:07.856-08:00",
            "description": "",
            "id": "projects/david-emad-project/regions/europe-west1/addresses/nataddress",
            "name": "nataddress",
            "network": "",
            "network_tier": "PREMIUM",
            "prefix_length": 0,
            "project": "david-emad-project",
            "purpose": "",
            "region": "europe-west1",
            "self_link": "https://www.googleapis.com/compute/v1/projects/david-emad-project/regions/europe-west1/addresses/nataddress",
            "subnetwork": "",
            "timeouts": null,
            "users": []
          },
          "sensitive_attributes": [],
          "private": "eyJlMmJmYjczMC1lY2FhLTExZTYtOGY4OC0zNDM2M2JjN2M0YzAiOnsiY3JlYXRlIjoxMjAwMDAwMDAwMDAwLCJkZWxldGUiOjEyMDAwMDAwMDAwMDB9fQ==",
          "dependencies": [
            "google_compute_network.vpc_network",
            "google_compute_subnetwork.management-subnet"
          ]
        }
      ]
    },
    {
      "mode": "managed",
      "type": "google_compute_firewall",
      "name": "allow-ingress-from-iap",
      "provider": "provider[\"registry.terraform.io/hashicorp/google\"]",
      "instances": [
        {
          "schema_version": 1,
          "attributes": {
            "allow": [
              {
                "ports": [
                  "22"
                ],
                "protocol": "tcp"
              }
            ],
            "creation_timestamp": "2023-02-17T06:29:55.778-08:00",
            "deny": [],
            "description": "",
            "destination_ranges": [],
            "direction": "INGRESS",
            "disabled": false,
            "enable_logging": null,
            "id": "projects/david-emad-project/global/firewalls/allow-ingress-from-iap",
            "log_config": [],
            "name": "allow-ingress-from-iap",
            "network": "https://www.googleapis.com/compute/v1/projects/david-emad-project/global/networks/vpc-network",
            "priority": 1000,
            "project": "david-emad-project",
            "self_link": "https://www.googleapis.com/compute/v1/projects/david-emad-project/global/firewalls/allow-ingress-from-iap",
            "source_ranges": [
              "35.235.240.0/20"
            ],
            "source_service_accounts": null,
            "source_tags": null,
            "target_service_accounts": null,
            "target_tags": null,
            "timeouts": null
          },
          "sensitive_attributes": [],
          "private": "eyJlMmJmYjczMC1lY2FhLTExZTYtOGY4OC0zNDM2M2JjN2M0YzAiOnsiY3JlYXRlIjoxMjAwMDAwMDAwMDAwLCJkZWxldGUiOjEyMDAwMDAwMDAwMDAsInVwZGF0ZSI6MTIwMDAwMDAwMDAwMH0sInNjaGVtYV92ZXJzaW9uIjoiMSJ9",
          "dependencies": [
            "google_compute_network.vpc_network"
          ]
        }
      ]
    },
    {
      "mode": "managed",
      "type": "google_compute_instance",
      "name": "private-vm",
      "provider": "provider[\"registry.terraform.io/hashicorp/google\"]",
      "instances": [
        {
          "schema_version": 6,
          "attributes": {
            "advanced_machine_features": [],
            "allow_stopping_for_update": null,
            "attached_disk": [],
            "boot_disk": [
              {
                "auto_delete": true,
                "device_name": "persistent-disk-0",
                "disk_encryption_key_raw": "",
                "disk_encryption_key_sha256": "",
                "initialize_params": [
                  {
                    "image": "https://www.googleapis.com/compute/v1/projects/debian-cloud/global/images/debian-11-bullseye-v20230206",
                    "labels": {},
                    "size": 10,
                    "type": "pd-standard"
                  }
                ],
                "kms_key_self_link": "",
                "mode": "READ_WRITE",
                "source": "https://www.googleapis.com/compute/v1/projects/david-emad-project/zones/europe-west1-b/disks/private-vm"
              }
            ],
            "can_ip_forward": false,
            "confidential_instance_config": [],
            "cpu_platform": "Intel Broadwell",
            "current_status": "RUNNING",
            "deletion_protection": false,
            "description": "",
            "desired_status": null,
            "enable_display": false,
            "guest_accelerator": [],
            "hostname": "",
            "id": "projects/david-emad-project/zones/europe-west1-b/instances/private-vm",
            "instance_id": "5800794365140021076",
            "label_fingerprint": "42WmSpB8rSM=",
            "labels": null,
            "machine_type": "e2-medium",
            "metadata": null,
            "metadata_fingerprint": "BduGfxIOWms=",
            "metadata_startup_script": null,
            "min_cpu_platform": "",
            "name": "private-vm",
            "network_interface": [
              {
                "access_config": [],
                "alias_ip_range": [],
                "ipv6_access_config": [],
                "ipv6_access_type": "",
                "name": "nic0",
                "network": "https://www.googleapis.com/compute/v1/projects/david-emad-project/global/networks/vpc-network",
                "network_ip": "10.0.1.2",
                "nic_type": "",
                "queue_count": 0,
                "stack_type": "IPV4_ONLY",
                "subnetwork": "https://www.googleapis.com/compute/v1/projects/david-emad-project/regions/europe-west1/subnetworks/management-subnet",
                "subnetwork_project": "david-emad-project"
              }
            ],
            "project": "david-emad-project",
            "reservation_affinity": [],
            "resource_policies": null,
            "scheduling": [
              {
                "automatic_restart": true,
                "instance_termination_action": "",
                "min_node_cpus": 0,
                "node_affinities": [],
                "on_host_maintenance": "MIGRATE",
                "preemptible": false,
                "provisioning_model": "STANDARD"
              }
            ],
            "scratch_disk": [],
            "self_link": "https://www.googleapis.com/compute/v1/projects/david-emad-project/zones/europe-west1-b/instances/private-vm",
            "service_account": [
              {
                "email": "service-for-vm@david-emad-project.iam.gserviceaccount.com",
                "scopes": [
                  "https://www.googleapis.com/auth/cloud-platform"
                ]
              }
            ],
            "shielded_instance_config": [
              {
                "enable_integrity_monitoring": true,
                "enable_secure_boot": false,
                "enable_vtpm": true
              }
            ],
            "tags": null,
            "tags_fingerprint": "42WmSpB8rSM=",
            "timeouts": null,
            "zone": "europe-west1-b"
          },
          "sensitive_attributes": [],
          "private": "eyJlMmJmYjczMC1lY2FhLTExZTYtOGY4OC0zNDM2M2JjN2M0YzAiOnsiY3JlYXRlIjoxMjAwMDAwMDAwMDAwLCJkZWxldGUiOjEyMDAwMDAwMDAwMDAsInVwZGF0ZSI6MTIwMDAwMDAwMDAwMH0sInNjaGVtYV92ZXJzaW9uIjoiNiJ9",
          "dependencies": [
            "google_compute_network.vpc_network",
            "google_compute_subnetwork.management-subnet",
            "google_compute_subnetwork.restricted-subnet",
            "google_container_cluster.private-cluster",
            "google_service_account.service-for-vm"
          ]
        }
      ]
    },
    {
      "mode": "managed",
      "type": "google_compute_network",
      "name": "vpc_network",
      "provider": "provider[\"registry.terraform.io/hashicorp/google\"]",
      "instances": [
        {
          "schema_version": 0,
          "attributes": {
            "auto_create_subnetworks": false,
            "delete_default_routes_on_create": false,
            "description": "",
            "enable_ula_internal_ipv6": false,
            "gateway_ipv4": "",
            "id": "projects/david-emad-project/global/networks/vpc-network",
            "internal_ipv6_range": "",
            "mtu": 1460,
            "name": "vpc-network",
            "project": "david-emad-project",
            "routing_mode": "REGIONAL",
            "self_link": "https://www.googleapis.com/compute/v1/projects/david-emad-project/global/networks/vpc-network",
            "timeouts": null
          },
          "sensitive_attributes": [],
          "private": "eyJlMmJmYjczMC1lY2FhLTExZTYtOGY4OC0zNDM2M2JjN2M0YzAiOnsiY3JlYXRlIjoxMjAwMDAwMDAwMDAwLCJkZWxldGUiOjEyMDAwMDAwMDAwMDAsInVwZGF0ZSI6MTIwMDAwMDAwMDAwMH19"
        }
      ]
    },
    {
      "mode": "managed",
      "type": "google_compute_router",
      "name": "router",
      "provider": "provider[\"registry.terraform.io/hashicorp/google\"]",
      "instances": [
        {
          "schema_version": 0,
          "attributes": {
            "bgp": [
              {
                "advertise_mode": "DEFAULT",
                "advertised_groups": null,
                "advertised_ip_ranges": [],
                "asn": 64514,
                "keepalive_interval": 20
              }
            ],
            "creation_timestamp": "2023-02-17T06:30:07.859-08:00",
            "description": "",
            "encrypted_interconnect_router": false,
            "id": "projects/david-emad-project/regions/europe-west1/routers/my-router",
            "name": "my-router",
            "network": "https://www.googleapis.com/compute/v1/projects/david-emad-project/global/networks/vpc-network",
            "project": "david-emad-project",
            "region": "europe-west1",
            "self_link": "https://www.googleapis.com/compute/v1/projects/david-emad-project/regions/europe-west1/routers/my-router",
            "timeouts": null
          },
          "sensitive_attributes": [],
          "private": "eyJlMmJmYjczMC1lY2FhLTExZTYtOGY4OC0zNDM2M2JjN2M0YzAiOnsiY3JlYXRlIjoxMjAwMDAwMDAwMDAwLCJkZWxldGUiOjEyMDAwMDAwMDAwMDAsInVwZGF0ZSI6MTIwMDAwMDAwMDAwMH19",
          "dependencies": [
            "google_compute_network.vpc_network",
            "google_compute_subnetwork.management-subnet"
          ]
        }
      ]
    },
    {
      "mode": "managed",
      "type": "google_compute_router",
      "name": "router-jenkins",
      "provider": "provider[\"registry.terraform.io/hashicorp/google\"]",
      "instances": [
        {
          "schema_version": 0,
          "attributes": {
            "bgp": [
              {
                "advertise_mode": "DEFAULT",
                "advertised_groups": null,
                "advertised_ip_ranges": [],
                "asn": 64514,
                "keepalive_interval": 20
              }
            ],
            "creation_timestamp": "2023-02-17T06:30:09.196-08:00",
            "description": "",
            "encrypted_interconnect_router": false,
            "id": "projects/david-emad-project/regions/europe-west1/routers/router-jenkins",
            "name": "router-jenkins",
            "network": "https://www.googleapis.com/compute/v1/projects/david-emad-project/global/networks/vpc-network",
            "project": "david-emad-project",
            "region": "europe-west1",
            "self_link": "https://www.googleapis.com/compute/v1/projects/david-emad-project/regions/europe-west1/routers/router-jenkins",
            "timeouts": null
          },
          "sensitive_attributes": [],
          "private": "eyJlMmJmYjczMC1lY2FhLTExZTYtOGY4OC0zNDM2M2JjN2M0YzAiOnsiY3JlYXRlIjoxMjAwMDAwMDAwMDAwLCJkZWxldGUiOjEyMDAwMDAwMDAwMDAsInVwZGF0ZSI6MTIwMDAwMDAwMDAwMH19",
          "dependencies": [
            "google_compute_network.vpc_network",
            "google_compute_subnetwork.restricted-subnet"
          ]
        }
      ]
    },
    {
      "mode": "managed",
      "type": "google_compute_router_nat",
      "name": "nat",
      "provider": "provider[\"registry.terraform.io/hashicorp/google\"]",
      "instances": [
        {
          "schema_version": 0,
          "attributes": {
            "drain_nat_ips": null,
            "enable_dynamic_port_allocation": false,
            "enable_endpoint_independent_mapping": true,
            "icmp_idle_timeout_sec": 30,
            "id": "david-emad-project/europe-west1/my-router/nat",
            "log_config": [],
            "max_ports_per_vm": 0,
            "min_ports_per_vm": 0,
            "name": "nat",
            "nat_ip_allocate_option": "MANUAL_ONLY",
            "nat_ips": [
              "https://www.googleapis.com/compute/v1/projects/david-emad-project/regions/europe-west1/addresses/nataddress"
            ],
            "project": "david-emad-project",
            "region": "europe-west1",
            "router": "my-router",
            "rules": [],
            "source_subnetwork_ip_ranges_to_nat": "LIST_OF_SUBNETWORKS",
            "subnetwork": [
              {
                "name": "projects/david-emad-project/regions/europe-west1/subnetworks/management-subnet",
                "secondary_ip_range_names": [],
                "source_ip_ranges_to_nat": [
                  "ALL_IP_RANGES"
                ]
              }
            ],
            "tcp_established_idle_timeout_sec": 1200,
            "tcp_time_wait_timeout_sec": 120,
            "tcp_transitory_idle_timeout_sec": 30,
            "timeouts": null,
            "udp_idle_timeout_sec": 30
          },
          "sensitive_attributes": [],
          "private": "eyJlMmJmYjczMC1lY2FhLTExZTYtOGY4OC0zNDM2M2JjN2M0YzAiOnsiY3JlYXRlIjoxMjAwMDAwMDAwMDAwLCJkZWxldGUiOjEyMDAwMDAwMDAwMDAsInVwZGF0ZSI6MTIwMDAwMDAwMDAwMH19",
          "dependencies": [
            "google_compute_address.nataddress",
            "google_compute_network.vpc_network",
            "google_compute_router.router",
            "google_compute_subnetwork.management-subnet"
          ]
        }
      ]
    },
    {
      "mode": "managed",
      "type": "google_compute_router_nat",
      "name": "private-nat",
      "provider": "provider[\"registry.terraform.io/hashicorp/google\"]",
      "instances": [
        {
          "schema_version": 0,
          "attributes": {
            "drain_nat_ips": null,
            "enable_dynamic_port_allocation": false,
            "enable_endpoint_independent_mapping": true,
            "icmp_idle_timeout_sec": 30,
            "id": "david-emad-project/europe-west1/router-jenkins/private-nat",
            "log_config": [],
            "max_ports_per_vm": 0,
            "min_ports_per_vm": 0,
            "name": "private-nat",
            "nat_ip_allocate_option": "MANUAL_ONLY",
            "nat_ips": [
              "https://www.googleapis.com/compute/v1/projects/david-emad-project/regions/europe-west1/addresses/jenkinsaddress"
            ],
            "project": "david-emad-project",
            "region": "europe-west1",
            "router": "router-jenkins",
            "rules": [],
            "source_subnetwork_ip_ranges_to_nat": "LIST_OF_SUBNETWORKS",
            "subnetwork": [
              {
                "name": "projects/david-emad-project/regions/europe-west1/subnetworks/restricted-subnet",
                "secondary_ip_range_names": [],
                "source_ip_ranges_to_nat": [
                  "ALL_IP_RANGES"
                ]
              }
            ],
            "tcp_established_idle_timeout_sec": 1200,
            "tcp_time_wait_timeout_sec": 120,
            "tcp_transitory_idle_timeout_sec": 30,
            "timeouts": null,
            "udp_idle_timeout_sec": 30
          },
          "sensitive_attributes": [],
          "private": "eyJlMmJmYjczMC1lY2FhLTExZTYtOGY4OC0zNDM2M2JjN2M0YzAiOnsiY3JlYXRlIjoxMjAwMDAwMDAwMDAwLCJkZWxldGUiOjEyMDAwMDAwMDAwMDAsInVwZGF0ZSI6MTIwMDAwMDAwMDAwMH19",
          "dependencies": [
            "google_compute_address.jenkinsaddress",
            "google_compute_network.vpc_network",
            "google_compute_router.router-jenkins",
            "google_compute_subnetwork.restricted-subnet"
          ]
        }
      ]
    },
    {
      "mode": "managed",
      "type": "google_compute_subnetwork",
      "name": "management-subnet",
      "provider": "provider[\"registry.terraform.io/hashicorp/google\"]",
      "instances": [
        {
          "schema_version": 0,
          "attributes": {
            "creation_timestamp": "2023-02-17T06:29:56.450-08:00",
            "description": "",
            "external_ipv6_prefix": "",
            "fingerprint": null,
            "gateway_address": "10.0.1.1",
            "id": "projects/david-emad-project/regions/europe-west1/subnetworks/management-subnet",
            "ip_cidr_range": "10.0.1.0/24",
            "ipv6_access_type": "",
            "ipv6_cidr_range": "",
            "log_config": [],
            "name": "management-subnet",
            "network": "https://www.googleapis.com/compute/v1/projects/david-emad-project/global/networks/vpc-network",
            "private_ip_google_access": false,
            "private_ipv6_google_access": "DISABLE_GOOGLE_ACCESS",
            "project": "david-emad-project",
            "purpose": "PRIVATE",
            "region": "europe-west1",
            "role": "",
            "secondary_ip_range": [],
            "self_link": "https://www.googleapis.com/compute/v1/projects/david-emad-project/regions/europe-west1/subnetworks/management-subnet",
            "stack_type": "IPV4_ONLY",
            "timeouts": null
          },
          "sensitive_attributes": [],
          "private": "eyJlMmJmYjczMC1lY2FhLTExZTYtOGY4OC0zNDM2M2JjN2M0YzAiOnsiY3JlYXRlIjoxMjAwMDAwMDAwMDAwLCJkZWxldGUiOjEyMDAwMDAwMDAwMDAsInVwZGF0ZSI6MTIwMDAwMDAwMDAwMH19",
          "dependencies": [
            "google_compute_network.vpc_network"
          ]
        }
      ]
    },
    {
      "mode": "managed",
      "type": "google_compute_subnetwork",
      "name": "restricted-subnet",
      "provider": "provider[\"registry.terraform.io/hashicorp/google\"]",
      "instances": [
        {
          "schema_version": 0,
          "attributes": {
            "creation_timestamp": "2023-02-17T06:29:56.775-08:00",
            "description": "",
            "external_ipv6_prefix": "",
            "fingerprint": null,
            "gateway_address": "10.0.2.1",
            "id": "projects/david-emad-project/regions/europe-west1/subnetworks/restricted-subnet",
            "ip_cidr_range": "10.0.2.0/24",
            "ipv6_access_type": "",
            "ipv6_cidr_range": "",
            "log_config": [],
            "name": "restricted-subnet",
            "network": "https://www.googleapis.com/compute/v1/projects/david-emad-project/global/networks/vpc-network",
            "private_ip_google_access": false,
            "private_ipv6_google_access": "DISABLE_GOOGLE_ACCESS",
            "project": "david-emad-project",
            "purpose": "PRIVATE",
            "region": "europe-west1",
            "role": "",
            "secondary_ip_range": [],
            "self_link": "https://www.googleapis.com/compute/v1/projects/david-emad-project/regions/europe-west1/subnetworks/restricted-subnet",
            "stack_type": "IPV4_ONLY",
            "timeouts": null
          },
          "sensitive_attributes": [],
          "private": "eyJlMmJmYjczMC1lY2FhLTExZTYtOGY4OC0zNDM2M2JjN2M0YzAiOnsiY3JlYXRlIjoxMjAwMDAwMDAwMDAwLCJkZWxldGUiOjEyMDAwMDAwMDAwMDAsInVwZGF0ZSI6MTIwMDAwMDAwMDAwMH19",
          "dependencies": [
            "google_compute_network.vpc_network"
          ]
        }
      ]
    },
    {
      "mode": "managed",
      "type": "google_container_cluster",
      "name": "private-cluster",
      "provider": "provider[\"registry.terraform.io/hashicorp/google\"]",
      "instances": [
        {
          "schema_version": 1,
          "attributes": {
            "addons_config": [
              {
                "cloudrun_config": [],
                "config_connector_config": [],
                "dns_cache_config": [],
                "gce_persistent_disk_csi_driver_config": [
                  {
                    "enabled": true
                  }
                ],
                "gcp_filestore_csi_driver_config": [],
                "gke_backup_agent_config": [],
                "horizontal_pod_autoscaling": [],
                "http_load_balancing": [],
                "network_policy_config": [
                  {
                    "disabled": true
                  }
                ]
              }
            ],
            "authenticator_groups_config": [],
            "binary_authorization": [
              {
                "enabled": false,
                "evaluation_mode": ""
              }
            ],
            "cluster_autoscaling": [
              {
                "auto_provisioning_defaults": [],
                "enabled": false,
                "resource_limits": []
              }
            ],
            "cluster_ipv4_cidr": "10.1.0.0/16",
            "confidential_nodes": [],
            "cost_management_config": [],
            "database_encryption": [
              {
                "key_name": "",
                "state": "DECRYPTED"
              }
            ],
            "datapath_provider": "",
            "default_max_pods_per_node": 110,
            "default_snat_status": [
              {
                "disabled": false
              }
            ],
            "description": "",
            "dns_config": [],
            "enable_autopilot": false,
            "enable_binary_authorization": false,
            "enable_intranode_visibility": false,
            "enable_kubernetes_alpha": false,
            "enable_l4_ilb_subsetting": false,
            "enable_legacy_abac": false,
            "enable_shielded_nodes": true,
            "enable_tpu": false,
            "endpoint": "172.16.0.34",
            "gateway_api_config": [],
            "id": "projects/david-emad-project/locations/europe-west1/clusters/private-cluster",
            "initial_node_count": 1,
            "ip_allocation_policy": [
              {
                "cluster_ipv4_cidr_block": "10.1.0.0/16",
                "cluster_secondary_range_name": "gke-private-cluster-pods-20eeb2e5",
                "services_ipv4_cidr_block": "10.2.0.0/16",
                "services_secondary_range_name": "gke-private-cluster-services-20eeb2e5"
              }
            ],
            "label_fingerprint": "a9dc16a7",
            "location": "europe-west1",
            "logging_config": [
              {
                "enable_components": [
                  "SYSTEM_COMPONENTS",
                  "WORKLOADS"
                ]
              }
            ],
            "logging_service": "logging.googleapis.com/kubernetes",
            "maintenance_policy": [],
            "master_auth": [
              {
                "client_certificate": "",
                "client_certificate_config": [
                  {
                    "issue_client_certificate": false
                  }
                ],
                "client_key": "",
                "cluster_ca_certificate": "LS0tLS1CRUdJTiBDRVJUSUZJQ0FURS0tLS0tCk1JSUVMVENDQXBXZ0F3SUJBZ0lSQUtHSnpvQWtXTkZSSWl1NVpKYjRQVTh3RFFZSktvWklodmNOQVFFTEJRQXcKTHpFdE1Dc0dBMVVFQXhNa01qVmxORGRsTm1FdE1HVTVOQzAwTm1Fd0xXSmtOelF0TkRjMU1USmhNV00yWTJKaApNQ0FYRFRJek1ESXhOekV6TXpBd09Gb1lEekl3TlRNd01qQTVNVFF6TURBNFdqQXZNUzB3S3dZRFZRUURFeVF5Ck5XVTBOMlUyWVMwd1pUazBMVFEyWVRBdFltUTNOQzAwTnpVeE1tRXhZelpqWW1Fd2dnR2lNQTBHQ1NxR1NJYjMKRFFFQkFRVUFBNElCandBd2dnR0tBb0lCZ1FDZVp1YTBUK3JaT0U0c0hGeEl4c0ZmSGdBdmEzcG85cUVTamNWeApqM1pPRUl3TlE1cVhRZXFqajRVSnQ0Yml2ZHBaWUNOOHdTUU1oc0xKZ2N6aUVyN3VKcGFRaUNSRW5mdkhvREpXClUxQ3haOWJoZTRTOWl6RmhvVTQyTHNqdURPZWIwMWsxSUVkLzhZOUNwRXV0T1QxN05UODYzTm1YM29nMGYwS1QKenN3ZTVTZ0pBWXRGWE1uMW5BaFlQSHBTYnBsZzJNN1BZVkJlR1NEOVhMWmVDcjFwWWZxSTk2a2tkSURFTmd0QwoveENCakRrZ1VwaXVLUGdldGcrMDJPOTlyMzJhbVA2cEt5SUxvMjVOdU1iSEFQL1Yzb2N0Vm5adktOMWxJS1FBCjZVOHcwZkVVTVZES1pCb0drcGRqNFVDaVR4SXVNWFA2cTd0dmx3OUx4THFCWm15MmEwTGI3Nkt3M20zYk5rdUUKYTJ1eFB0OHJRSzU5UzVhWS90dUdRdTI0T2V2Q2FxZUtSanQ0c3BldUI3clNicFVGQklIeFMzTHQ2b1paRFI3Kwpic1FzaDlWQll0ZjlzdUlYcmdMcGpuZTd3THhKTWZOS1VtWUQ4NjBUYUVsS2pIc0JEVkx6ZVlMdC9rZFNvOXpBCkZaTWxPc2JEWUxNdUROdTQ4Y08vUXhvSmxMRUNBd0VBQWFOQ01FQXdEZ1lEVlIwUEFRSC9CQVFEQWdJRU1BOEcKQTFVZEV3RUIvd1FGTUFNQkFmOHdIUVlEVlIwT0JCWUVGQTQxUkpTNzl1NXNXZXZ1dTdXK08wRGNnb3pnTUEwRwpDU3FHU0liM0RRRUJDd1VBQTRJQmdRQnVCUUFHQnk5YTRPd0R3a3g1SWtJMHREMHpTTkZVN0dnWDFhdjVyR1EwCmsvS25ncUxXUnVLUzhZY0x0Z2Z5OXlRMFU4U2FvSnpYNSsrZnk3bHZ1emhZa0N2Q2dzSndGdlpONGtFamIvUmgKa0dmNnRmZ0dwY2ozcTVOUDJSYVBmWHB5OGRqVWxZNmp5ZWZaUmUzMkdydzZMb3FUUUVQeDYyc2IxaHY0eTkvOApNakJRMVhQYndKUzE3QWFyMS94SFNXeVR2YktZNG1RR0FyM0tXeGM5ZnFOalVubmVIdXJLYm1lajFyMlZvWEFCCkRWTHBmVVVOczA2V2g3SS9yd1o4NXhkU2ZkbStFbFNLMlIxK3Q5ZFNDQW9tR3piaFUwcHBhK0ZVY3Roc3VOM3oKWWpPUXBOQ1lDc1BNVTVEVXMwYzhoUlFHNklZZlpPbm9pcGo2elNJd2JCVEJxR3NzS0RBelNmbWdZQXl2VWk2VApmMlAzaTVjSEg0cndtRWhzazh2SThnbndRdjZlUXB0U0VWb2VONE5SaXpuTE5CZnRldmxuNmxNUG9MeS91eDA3CjNDL0dNckZRZWtteFpxb05WaXA3V3VZU1lUSHlCL3JSZzUzV0JPT3VNdTRGSkx6ciswcXdPYms2T1A0bzA0aWcKcHlvcXpNZEZCYnU4bzJTaGhSbVNsTDQ9Ci0tLS0tRU5EIENFUlRJRklDQVRFLS0tLS0K"
              }
            ],
            "master_authorized_networks_config": [
              {
                "cidr_blocks": [
                  {
                    "cidr_block": "10.0.1.0/24",
                    "display_name": "trusted-networks-from-private-vm"
                  }
                ],
                "gcp_public_cidrs_access_enabled": false
              }
            ],
            "master_version": "1.23.14-gke.1800",
            "mesh_certificates": [],
            "min_master_version": null,
            "monitoring_config": [
              {
                "enable_components": [
                  "SYSTEM_COMPONENTS"
                ],
                "managed_prometheus": []
              }
            ],
            "monitoring_service": "monitoring.googleapis.com/kubernetes",
            "name": "private-cluster",
            "network": "projects/david-emad-project/global/networks/vpc-network",
            "network_policy": [
              {
                "enabled": false,
                "provider": "PROVIDER_UNSPECIFIED"
              }
            ],
            "networking_mode": "VPC_NATIVE",
            "node_config": [],
            "node_locations": [
              "europe-west1-b",
              "europe-west1-c",
              "europe-west1-d"
            ],
            "node_pool": [],
            "node_pool_defaults": [
              {
                "node_config_defaults": [
                  {
                    "logging_variant": "DEFAULT"
                  }
                ]
              }
            ],
            "node_version": "1.23.14-gke.1800",
            "notification_config": [
              {
                "pubsub": [
                  {
                    "enabled": false,
                    "filter": [],
                    "topic": ""
                  }
                ]
              }
            ],
            "operation": null,
            "private_cluster_config": [
              {
                "enable_private_endpoint": true,
                "enable_private_nodes": true,
                "master_global_access_config": [
                  {
                    "enabled": false
                  }
                ],
                "master_ipv4_cidr_block": "172.16.0.32/28",
                "peering_name": "gke-neaa2a963f557a9e74c1-c4b8-6c81-peer",
                "private_endpoint": "172.16.0.34",
                "private_endpoint_subnetwork": "",
                "public_endpoint": "34.76.236.149"
              }
            ],
            "private_ipv6_google_access": "",
            "project": "david-emad-project",
            "release_channel": [
              {
                "channel": "STABLE"
              }
            ],
            "remove_default_node_pool": true,
            "resource_labels": null,
            "resource_usage_export_config": [],
            "self_link": "https://container.googleapis.com/v1/projects/david-emad-project/locations/europe-west1/clusters/private-cluster",
            "service_external_ips_config": [
              {
                "enabled": false
              }
            ],
            "services_ipv4_cidr": "10.2.0.0/16",
            "subnetwork": "projects/david-emad-project/regions/europe-west1/subnetworks/restricted-subnet",
            "timeouts": null,
            "tpu_ipv4_cidr_block": "",
            "vertical_pod_autoscaling": [
              {
                "enabled": true
              }
            ],
            "workload_identity_config": []
          },
          "sensitive_attributes": [],
          "private": "eyJlMmJmYjczMC1lY2FhLTExZTYtOGY4OC0zNDM2M2JjN2M0YzAiOnsiY3JlYXRlIjoyNDAwMDAwMDAwMDAwLCJkZWxldGUiOjI0MDAwMDAwMDAwMDAsInJlYWQiOjI0MDAwMDAwMDAwMDAsInVwZGF0ZSI6MzYwMDAwMDAwMDAwMH0sInNjaGVtYV92ZXJzaW9uIjoiMSJ9",
          "dependencies": [
            "google_compute_network.vpc_network",
            "google_compute_subnetwork.restricted-subnet"
          ]
        }
      ]
    },
    {
      "mode": "managed",
      "type": "google_container_node_pool",
      "name": "primary_preemptible_nodes",
      "provider": "provider[\"registry.terraform.io/hashicorp/google\"]",
      "instances": [
        {
          "schema_version": 1,
          "attributes": {
            "autoscaling": [],
            "cluster": "projects/david-emad-project/locations/europe-west1/clusters/private-cluster",
            "id": "projects/david-emad-project/locations/europe-west1/clusters/private-cluster/nodePools/my-node-pool",
            "initial_node_count": 1,
            "instance_group_urls": [
              "https://www.googleapis.com/compute/v1/projects/david-emad-project/zones/europe-west1-d/instanceGroupManagers/gke-private-cluster-my-node-pool-067f261c-grp",
              "https://www.googleapis.com/compute/v1/projects/david-emad-project/zones/europe-west1-b/instanceGroupManagers/gke-private-cluster-my-node-pool-28c16f03-grp",
              "https://www.googleapis.com/compute/v1/projects/david-emad-project/zones/europe-west1-c/instanceGroupManagers/gke-private-cluster-my-node-pool-b9d50b97-grp"
            ],
            "location": "europe-west1",
            "managed_instance_group_urls": [
              "https://www.googleapis.com/compute/v1/projects/david-emad-project/zones/europe-west1-d/instanceGroups/gke-private-cluster-my-node-pool-067f261c-grp",
              "https://www.googleapis.com/compute/v1/projects/david-emad-project/zones/europe-west1-b/instanceGroups/gke-private-cluster-my-node-pool-28c16f03-grp",
              "https://www.googleapis.com/compute/v1/projects/david-emad-project/zones/europe-west1-c/instanceGroups/gke-private-cluster-my-node-pool-b9d50b97-grp"
            ],
            "management": [
              {
                "auto_repair": true,
                "auto_upgrade": true
              }
            ],
            "max_pods_per_node": 110,
            "name": "my-node-pool",
            "name_prefix": "",
            "network_config": [
              {
                "create_pod_range": false,
                "enable_private_nodes": false,
                "pod_ipv4_cidr_block": "10.1.0.0/16",
                "pod_range": "gke-private-cluster-pods-20eeb2e5"
              }
            ],
            "node_config": [
              {
                "boot_disk_kms_key": "",
                "disk_size_gb": 100,
                "disk_type": "pd-standard",
                "gcfs_config": [],
                "guest_accelerator": [],
                "gvnic": [],
                "image_type": "COS_CONTAINERD",
                "kubelet_config": [],
                "labels": {},
                "linux_node_config": [],
                "local_ssd_count": 0,
                "logging_variant": "DEFAULT",
                "machine_type": "e2-standard-2",
                "metadata": {
                  "disable-legacy-endpoints": "true"
                },
                "min_cpu_platform": "",
                "node_group": "",
                "oauth_scopes": [
                  "https://www.googleapis.com/auth/logging.write",
                  "https://www.googleapis.com/auth/monitoring"
                ],
                "preemptible": true,
                "reservation_affinity": [],
                "resource_labels": null,
                "service_account": "default",
                "shielded_instance_config": [
                  {
                    "enable_integrity_monitoring": true,
                    "enable_secure_boot": false
                  }
                ],
                "spot": false,
                "tags": null,
                "taint": [],
                "workload_metadata_config": []
              }
            ],
            "node_count": 1,
            "node_locations": [
              "europe-west1-b",
              "europe-west1-c",
              "europe-west1-d"
            ],
            "operation": null,
            "placement_policy": [],
            "project": "david-emad-project",
            "timeouts": null,
            "upgrade_settings": [
              {
                "blue_green_settings": [],
                "max_surge": 1,
                "max_unavailable": 0,
                "strategy": "SURGE"
              }
            ],
            "version": "1.23.14-gke.1800"
          },
          "sensitive_attributes": [],
          "private": "eyJlMmJmYjczMC1lY2FhLTExZTYtOGY4OC0zNDM2M2JjN2M0YzAiOnsiY3JlYXRlIjoxODAwMDAwMDAwMDAwLCJkZWxldGUiOjE4MDAwMDAwMDAwMDAsInVwZGF0ZSI6MTgwMDAwMDAwMDAwMH0sInNjaGVtYV92ZXJzaW9uIjoiMSJ9",
          "dependencies": [
            "google_compute_network.vpc_network",
            "google_compute_subnetwork.restricted-subnet",
            "google_container_cluster.private-cluster"
          ]
        }
      ]
    },
    {
      "mode": "managed",
      "type": "google_project_iam_member",
      "name": "instance-account",
      "provider": "provider[\"registry.terraform.io/hashicorp/google\"]",
      "instances": [
        {
          "schema_version": 0,
          "attributes": {
            "condition": [],
            "etag": "BwX05iS5LiM=",
            "id": "david-emad-project/roles/container.admin/serviceAccount:service-for-vm@david-emad-project.iam.gserviceaccount.com",
            "member": "serviceAccount:service-for-vm@david-emad-project.iam.gserviceaccount.com",
            "project": "david-emad-project",
            "role": "roles/container.admin"
          },
          "sensitive_attributes": [],
          "private": "bnVsbA==",
          "dependencies": [
            "google_service_account.service-for-vm"
          ]
        }
      ]
    },
    {
      "mode": "managed",
      "type": "google_service_account",
      "name": "service-for-vm",
      "provider": "provider[\"registry.terraform.io/hashicorp/google\"]",
      "instances": [
        {
          "schema_version": 0,
          "attributes": {
            "account_id": "service-for-vm",
            "description": "",
            "disabled": false,
            "display_name": "",
            "email": "service-for-vm@david-emad-project.iam.gserviceaccount.com",
            "id": "projects/david-emad-project/serviceAccounts/service-for-vm@david-emad-project.iam.gserviceaccount.com",
            "member": "serviceAccount:service-for-vm@david-emad-project.iam.gserviceaccount.com",
            "name": "projects/david-emad-project/serviceAccounts/service-for-vm@david-emad-project.iam.gserviceaccount.com",
            "project": "david-emad-project",
            "timeouts": null,
            "unique_id": "102348230625097649713"
          },
          "sensitive_attributes": [],
          "private": "eyJlMmJmYjczMC1lY2FhLTExZTYtOGY4OC0zNDM2M2JjN2M0YzAiOnsiY3JlYXRlIjozMDAwMDAwMDAwMDB9fQ=="
        }
      ]
    },
    {
      "mode": "managed",
      "type": "google_service_account_key",
      "name": "mykey",
      "provider": "provider[\"registry.terraform.io/hashicorp/google\"]",
      "instances": [
        {
          "schema_version": 0,
          "attributes": {
            "id": "projects/david-emad-project/serviceAccounts/service-for-vm@david-emad-project.iam.gserviceaccount.com/keys/8327fbc4d769d741da6a6a0966e9de6d884166c8",
            "keepers": null,
            "key_algorithm": "KEY_ALG_RSA_2048",
            "name": "projects/david-emad-project/serviceAccounts/service-for-vm@david-emad-project.iam.gserviceaccount.com/keys/8327fbc4d769d741da6a6a0966e9de6d884166c8",
            "private_key": "ewogICJ0eXBlIjogInNlcnZpY2VfYWNjb3VudCIsCiAgInByb2plY3RfaWQiOiAiZGF2aWQtZW1hZC1wcm9qZWN0IiwKICAicHJpdmF0ZV9rZXlfaWQiOiAiODMyN2ZiYzRkNzY5ZDc0MWRhNmE2YTA5NjZlOWRlNmQ4ODQxNjZjOCIsCiAgInByaXZhdGVfa2V5IjogIi0tLS0tQkVHSU4gUFJJVkFURSBLRVktLS0tLVxuTUlJRXZnSUJBREFOQmdrcWhraUc5dzBCQVFFRkFBU0NCS2d3Z2dTa0FnRUFBb0lCQVFEbk5JVDAzVkVtTVlEQlxuZ1lyRnhKMFExMmRGRHlvUk9qenlla0src3ZOQjAxWmF6S1RMeWJzMU1CZW5sd3ZSY3pZUkk3djJXVDZWd3l2QVxuWDhlUTViS2F0eGdNMmhQS0R4TVRkTVRIdHA5R2dxaW5NV3FUN2VDcVZyeWl4OXU1L0tFS1BzMmRvcmVEM3NBUVxub0VWTHZZbzdVTHRDajBacFVPQUNLRXdQWGxoTTl5d2pMZTltK1ExVDhPd285dGhhL1VnL0pDb1ZLVjhVWHB4RVxuM0FSbmFLYWc2Q0wvNW40VStoY2F4b1FTSEUrZ3lNRE5CcDFuNURSbkJUaHhQSmxKN2UyYVFabW5mby9BR0hwN1xuWkp4QUVHRnA1WlpjT3VOeEVoeUgvVE94WEZ5QUIwY1UxT1BvRjJ0ZEFKaHYxcGFrd3Y3cEVkc1dKK1R0S0cyK1xud3ZQa2hNOXRBZ01CQUFFQ2dnRUFJNnUyTEUzWVZITlp3VUVhWnlCMDk4d0w3NXN0MWRlWU5KN2VuUUVMUjlJZFxuSmgxMitzYW1jL0oyQzlJTUxaQ1ZadzA0MVlLaVd4cHdBeHBPaTJhWGs0Z3J2K2FHSEJhNW80eFFtZHdYOUc4a1xuZnhzVmd1VGdxZGNxVVFEOXY2aEsza09mUWQxV0ZwU0UxR3ZZYW5McW1KNkFMYWpnNTZSbDB6UzRFTHp4RkUvWlxuSDRNNjdCd2h2T3VOUU54K1ZJMi9UaDZpYXBObzVLaGJEd3RvQmMzdjBaYlF6bldlV053eDI5RkIyRC9LaVYrS1xuRlhWOVZBd3Vqd2w4Y2tUQ0llZUJkc1JwTmdwOVJkVFdCTGdRS052NGxzKzhSRDVUbDJIKy9pSFRWb0dXaUo2dlxuRk0zSnhQSnltUDM5bGRmQ0F5TVBHaXVOWW5odG9rY2poSitpbXlYTGZ3S0JnUUR6aEIzM1BvTG5UUUhFZnFKOFxuOElBOXp4cFVZK2sxcStLQjdVU0hhSVpUMGU4dU9YbmNLU3EveWZtMEx1bHdvV3V1eGdpMUNxT1YwakpzOXY4TlxuZGNaODJEdVVZT3VYVUxLQjR1NXVqb1VpWmtTbjNaaTR1bWpUT2N0TWRwbDc2NFZOOThUc21uM2JYSndUSXd2QlxuVGR5bExncVdrWkFvVzJUYWpEb1VzODdGandLQmdRRHpEdFcxZGR6M2ZwaE8xZGlKUC9GZyt0UG53N1pXT292aVxuTHhaUjNsMEtFVklQR0Y2bENrSTF3VzVOWWdZNEJIOUFaT0FXZXlZdUU3dEI2QzlxcjlYWXFxN1lYc2d3eGdCNlxuSU1kZ3pReVpra3BZTGRPMDdqcWlneGdjNDFScWFjZ0lhUk4vQVNxRzQyMFBQVmJkamNObWtNU1FoeUVhbXcyZFxucEtJTXJqZTFRd0tCZ1FDNGlsbXZJYWRRSS9KLzl6dXFGUlFLUXlWLzZJczJDa0ZJRndmRTJmaGFFeEQvNWJ5c1xubEdINkg5VGtzRnhsNTE1VWYyemZ6ZVUwUjZ2Qkdka2xXU2lIT2RMRTJrSVBWSzlDY1RnaGZrMzBTSzRrekhETlxuSlM4RlM1bitJeTZqVTFPZFIzUHJuaFJjcGF6OWI2U2I1Q2FlNHVwUk9wU1ZrTlU0TGVaaUEvVmhqd0tCZ0FjelxueTFWak5yY0d3MUNpdVpYbmxTbUFoVUw2NDY1T2NkS3ovbjlTallNODNDZWlXenVjd0RXRGs5Y3JMbS8rZ2g3UVxuWG11TUhxZUM0aXVqeTdQbm5maWJwaTYzTUV0eHNwWHIzcnlabHVQK0Y4SGhLY0xVeEZ3SWNuQjR0QW1yTk1nN1xuQk43Z2svZ0hTVFlJWlVpUGFOampOVS9yRVNvT3FpcWZ0RVdYN0FLdEFvR0JBTHp4dWk5QWhDQkhwUkk1YUJoeVxuaDlpalhuQTN5dzg3Q2FwaHVUaW9MeWR6MjkzOHVDbXVUVTZRblpZZi9YVitsL3Ira3lMYzBUR0EySXIwbWFiRlxuVzNVUGdkNGxzWEZUU2pmcmtyNkRpNk9iQTdtNUVtOVBaNUsyVmZFdnZ2ZFdFLzYrL2N6V0RKMnAxVDN5T1kyN1xudzBsd0ZvWi9oeVhacUhQalBXa1A3alVZXG4tLS0tLUVORCBQUklWQVRFIEtFWS0tLS0tXG4iLAogICJjbGllbnRfZW1haWwiOiAic2VydmljZS1mb3Itdm1AZGF2aWQtZW1hZC1wcm9qZWN0LmlhbS5nc2VydmljZWFjY291bnQuY29tIiwKICAiY2xpZW50X2lkIjogIjEwMjM0ODIzMDYyNTA5NzY0OTcxMyIsCiAgImF1dGhfdXJpIjogImh0dHBzOi8vYWNjb3VudHMuZ29vZ2xlLmNvbS9vL29hdXRoMi9hdXRoIiwKICAidG9rZW5fdXJpIjogImh0dHBzOi8vb2F1dGgyLmdvb2dsZWFwaXMuY29tL3Rva2VuIiwKICAiYXV0aF9wcm92aWRlcl94NTA5X2NlcnRfdXJsIjogImh0dHBzOi8vd3d3Lmdvb2dsZWFwaXMuY29tL29hdXRoMi92MS9jZXJ0cyIsCiAgImNsaWVudF94NTA5X2NlcnRfdXJsIjogImh0dHBzOi8vd3d3Lmdvb2dsZWFwaXMuY29tL3JvYm90L3YxL21ldGFkYXRhL3g1MDkvc2VydmljZS1mb3Itdm0lNDBkYXZpZC1lbWFkLXByb2plY3QuaWFtLmdzZXJ2aWNlYWNjb3VudC5jb20iCn0K",
            "private_key_type": "TYPE_GOOGLE_CREDENTIALS_FILE",
            "public_key": "LS0tLS1CRUdJTiBDRVJUSUZJQ0FURS0tLS0tCk1JSUMvRENDQWVTZ0F3SUJBZ0lJVVNITVdEYUptWjR3RFFZSktvWklodmNOQVFFRkJRQXdJREVlTUJ3R0ExVUUKQXhNVk1UQXlNelE0TWpNd05qSTFNRGszTmpRNU56RXpNQ0FYRFRJek1ESXhOekUwTWprek5Gb1lEems1T1RreApNak14TWpNMU9UVTVXakFnTVI0d0hBWURWUVFERXhVeE1ESXpORGd5TXpBMk1qVXdPVGMyTkRrM01UTXdnZ0VpCk1BMEdDU3FHU0liM0RRRUJBUVVBQTRJQkR3QXdnZ0VLQW9JQkFRRG5OSVQwM1ZFbU1ZREJnWXJGeEowUTEyZEYKRHlvUk9qenlla0src3ZOQjAxWmF6S1RMeWJzMU1CZW5sd3ZSY3pZUkk3djJXVDZWd3l2QVg4ZVE1YkthdHhnTQoyaFBLRHhNVGRNVEh0cDlHZ3Fpbk1XcVQ3ZUNxVnJ5aXg5dTUvS0VLUHMyZG9yZUQzc0FRb0VWTHZZbzdVTHRDCmowWnBVT0FDS0V3UFhsaE05eXdqTGU5bStRMVQ4T3dvOXRoYS9VZy9KQ29WS1Y4VVhweEUzQVJuYUthZzZDTC8KNW40VStoY2F4b1FTSEUrZ3lNRE5CcDFuNURSbkJUaHhQSmxKN2UyYVFabW5mby9BR0hwN1pKeEFFR0ZwNVpaYwpPdU54RWh5SC9UT3hYRnlBQjBjVTFPUG9GMnRkQUpodjFwYWt3djdwRWRzV0orVHRLRzIrd3ZQa2hNOXRBZ01CCkFBR2pPREEyTUF3R0ExVWRFd0VCL3dRQ01BQXdEZ1lEVlIwUEFRSC9CQVFEQWdlQU1CWUdBMVVkSlFFQi93UU0KTUFvR0NDc0dBUVVGQndNQ01BMEdDU3FHU0liM0RRRUJCUVVBQTRJQkFRQUttcVlmZUxaMzJHWkpvUHJkK1pnbwp0bzBPVTZZbytKcGtzQXJ5WDFsSVRUdnRWajdHeDVrdDRkNHBJRDJaTm1SQWZTbVZETWNZZmNCZDE0U3pqb2YzCnVxb2IxOUNCQlVUMVdDQTFzb0l1SkV5OVRPWEJrckYzMkRMdzZJNWRFWVBjUjQ0Q2I1ZjlLTjNXbm9wTDFkckQKZ29aK3VGMzU3ZzFIMTNrbW1GUkJGOGJsNDVkWlBkU2FtMlJDb1hBNDZlQUhhT2NhSFJYNnBBOW9IVkVzaXllcQo5MUJLWWJpMm1jaGhpdG55RW5tWlNoSjZPcXRqaFgvSUVIa2VrTzA3Rm9MTGMwQVRLV3UreTZEemsxY2tmc0puCjFiUS8ycTYvNi9ldG5OdmpsN0lSc2l6dmpXRTRaODY2cnlCeW84ZEpRd2NjQlpoTHM2YWE1eGZsRU9mTERIZFEKLS0tLS1FTkQgQ0VSVElGSUNBVEUtLS0tLQo=",
            "public_key_data": null,
            "public_key_type": "TYPE_X509_PEM_FILE",
            "service_account_id": "projects/david-emad-project/serviceAccounts/service-for-vm@david-emad-project.iam.gserviceaccount.com",
            "valid_after": "2023-02-17T14:29:34Z",
            "valid_before": "9999-12-31T23:59:59Z"
          },
          "sensitive_attributes": [],
          "private": "bnVsbA==",
          "dependencies": [
            "google_service_account.service-for-vm"
          ]
        }
      ]
    },
    {
      "mode": "managed",
      "type": "local_file",
      "name": "service_account",
      "provider": "provider[\"registry.terraform.io/hashicorp/local\"]",
      "instances": [
        {
          "schema_version": 0,
          "attributes": {
            "content": "{\n  \"type\": \"service_account\",\n  \"project_id\": \"david-emad-project\",\n  \"private_key_id\": \"8327fbc4d769d741da6a6a0966e9de6d884166c8\",\n  \"private_key\": \"-----BEGIN PRIVATE KEY-----\\nMIIEvgIBADANBgkqhkiG9w0BAQEFAASCBKgwggSkAgEAAoIBAQDnNIT03VEmMYDB\\ngYrFxJ0Q12dFDyoROjzyekK+svNB01ZazKTLybs1MBenlwvRczYRI7v2WT6VwyvA\\nX8eQ5bKatxgM2hPKDxMTdMTHtp9GgqinMWqT7eCqVryix9u5/KEKPs2doreD3sAQ\\noEVLvYo7ULtCj0ZpUOACKEwPXlhM9ywjLe9m+Q1T8Owo9tha/Ug/JCoVKV8UXpxE\\n3ARnaKag6CL/5n4U+hcaxoQSHE+gyMDNBp1n5DRnBThxPJlJ7e2aQZmnfo/AGHp7\\nZJxAEGFp5ZZcOuNxEhyH/TOxXFyAB0cU1OPoF2tdAJhv1pakwv7pEdsWJ+TtKG2+\\nwvPkhM9tAgMBAAECggEAI6u2LE3YVHNZwUEaZyB098wL75st1deYNJ7enQELR9Id\\nJh12+samc/J2C9IMLZCVZw041YKiWxpwAxpOi2aXk4grv+aGHBa5o4xQmdwX9G8k\\nfxsVguTgqdcqUQD9v6hK3kOfQd1WFpSE1GvYanLqmJ6ALajg56Rl0zS4ELzxFE/Z\\nH4M67BwhvOuNQNx+VI2/Th6iapNo5KhbDwtoBc3v0ZbQznWeWNwx29FB2D/KiV+K\\nFXV9VAwujwl8ckTCIeeBdsRpNgp9RdTWBLgQKNv4ls+8RD5Tl2H+/iHTVoGWiJ6v\\nFM3JxPJymP39ldfCAyMPGiuNYnhtokcjhJ+imyXLfwKBgQDzhB33PoLnTQHEfqJ8\\n8IA9zxpUY+k1q+KB7USHaIZT0e8uOXncKSq/yfm0LulwoWuuxgi1CqOV0jJs9v8N\\ndcZ82DuUYOuXULKB4u5ujoUiZkSn3Zi4umjTOctMdpl764VN98Tsmn3bXJwTIwvB\\nTdylLgqWkZAoW2TajDoUs87FjwKBgQDzDtW1ddz3fphO1diJP/Fg+tPnw7ZWOovi\\nLxZR3l0KEVIPGF6lCkI1wW5NYgY4BH9AZOAWeyYuE7tB6C9qr9XYqq7YXsgwxgB6\\nIMdgzQyZkkpYLdO07jqigxgc41RqacgIaRN/ASqG420PPVbdjcNmkMSQhyEamw2d\\npKIMrje1QwKBgQC4ilmvIadQI/J/9zuqFRQKQyV/6Is2CkFIFwfE2fhaExD/5bys\\nlGH6H9TksFxl515Uf2zfzeU0R6vBGdklWSiHOdLE2kIPVK9CcTghfk30SK4kzHDN\\nJS8FS5n+Iy6jU1OdR3PrnhRcpaz9b6Sb5Cae4upROpSVkNU4LeZiA/VhjwKBgAcz\\ny1VjNrcGw1CiuZXnlSmAhUL6465OcdKz/n9SjYM83CeiWzucwDWDk9crLm/+gh7Q\\nXmuMHqeC4iujy7Pnnfibpi63MEtxspXr3ryZluP+F8HhKcLUxFwIcnB4tAmrNMg7\\nBN7gk/gHSTYIZUiPaNjjNU/rESoOqiqftEWX7AKtAoGBALzxui9AhCBHpRI5aBhy\\nh9ijXnA3yw87CaphuTioLydz2938uCmuTU6QnZYf/XV+l/r+kyLc0TGA2Ir0mabF\\nW3UPgd4lsXFTSjfrkr6Di6ObA7m5Em9PZ5K2VfEvvvdWE/6+/czWDJ2p1T3yOY27\\nw0lwFoZ/hyXZqHPjPWkP7jUY\\n-----END PRIVATE KEY-----\\n\",\n  \"client_email\": \"service-for-vm@david-emad-project.iam.gserviceaccount.com\",\n  \"client_id\": \"102348230625097649713\",\n  \"auth_uri\": \"https://accounts.google.com/o/oauth2/auth\",\n  \"token_uri\": \"https://oauth2.googleapis.com/token\",\n  \"auth_provider_x509_cert_url\": \"https://www.googleapis.com/oauth2/v1/certs\",\n  \"client_x509_cert_url\": \"https://www.googleapis.com/robot/v1/metadata/x509/service-for-vm%40david-emad-project.iam.gserviceaccount.com\"\n}\n",
            "content_base64": null,
            "directory_permission": "0777",
            "file_permission": "0777",
            "filename": "/home/david/Documents/serviceaccount.json",
            "id": "565556d92fb14a175e75e43c53830340b38699a9",
            "sensitive_content": null,
            "source": null
          },
          "sensitive_attributes": [
            [
              {
                "type": "get_attr",
                "value": "content"
              }
            ]
          ],
          "dependencies": [
            "google_service_account.service-for-vm",
            "google_service_account_key.mykey"
          ]
        }
      ]
    }
  ],
  "check_results": null
}
