{
  "version": 4,
  "terraform_version": "1.3.7",
  "serial": 720,
  "lineage": "167264fb-3e2f-2565-76f8-9fc80ea7762b",
  "outputs": {},
  "resources": [
    {
      "mode": "managed",
      "type": "google_compute_address",
      "name": "jenkinsaddress",
      "provider": "provider[\"registry.terraform.io/hashicorp/google\"]",
      "instances": [
        {
          "schema_version": 0,
          "attributes": {
            "address": "35.205.149.104",
            "address_type": "EXTERNAL",
            "creation_timestamp": "2023-02-17T04:07:29.910-08:00",
            "description": "",
            "id": "projects/david-emad-project/regions/europe-west1/addresses/jenkinsaddress",
            "name": "jenkinsaddress",
            "network": "",
            "network_tier": "PREMIUM",
            "prefix_length": 0,
            "project": "david-emad-project",
            "purpose": "",
            "region": "europe-west1",
            "self_link": "https://www.googleapis.com/compute/v1/projects/david-emad-project/regions/europe-west1/addresses/jenkinsaddress",
            "subnetwork": "",
            "timeouts": null,
            "users": [
              "https://www.googleapis.com/compute/v1/projects/david-emad-project/regions/europe-west1/routers/router-jenkins"
            ]
          },
          "sensitive_attributes": [],
          "private": "eyJlMmJmYjczMC1lY2FhLTExZTYtOGY4OC0zNDM2M2JjN2M0YzAiOnsiY3JlYXRlIjoxMjAwMDAwMDAwMDAwLCJkZWxldGUiOjEyMDAwMDAwMDAwMDB9fQ==",
          "dependencies": [
            "google_compute_network.vpc_network",
            "google_compute_subnetwork.restricted-subnet"
          ]
        }
      ]
    },
    {
      "mode": "managed",
      "type": "google_compute_address",
      "name": "nataddress",
      "provider": "provider[\"registry.terraform.io/hashicorp/google\"]",
      "instances": [
        {
          "schema_version": 0,
          "attributes": {
            "address": "34.22.147.212",
            "address_type": "EXTERNAL",
            "creation_timestamp": "2023-02-17T04:07:29.842-08:00",
            "description": "",
            "id": "projects/david-emad-project/regions/europe-west1/addresses/nataddress",
            "name": "nataddress",
            "network": "",
            "network_tier": "PREMIUM",
            "prefix_length": 0,
            "project": "david-emad-project",
            "purpose": "",
            "region": "europe-west1",
            "self_link": "https://www.googleapis.com/compute/v1/projects/david-emad-project/regions/europe-west1/addresses/nataddress",
            "subnetwork": "",
            "timeouts": null,
            "users": [
              "https://www.googleapis.com/compute/v1/projects/david-emad-project/regions/europe-west1/routers/my-router"
            ]
          },
          "sensitive_attributes": [],
          "private": "eyJlMmJmYjczMC1lY2FhLTExZTYtOGY4OC0zNDM2M2JjN2M0YzAiOnsiY3JlYXRlIjoxMjAwMDAwMDAwMDAwLCJkZWxldGUiOjEyMDAwMDAwMDAwMDB9fQ==",
          "dependencies": [
            "google_compute_network.vpc_network",
            "google_compute_subnetwork.management-subnet"
          ]
        }
      ]
    },
    {
      "mode": "managed",
      "type": "google_compute_firewall",
      "name": "allow-ingress-from-iap",
      "provider": "provider[\"registry.terraform.io/hashicorp/google\"]",
      "instances": [
        {
          "schema_version": 1,
          "attributes": {
            "allow": [
              {
                "ports": [
                  "22"
                ],
                "protocol": "tcp"
              }
            ],
            "creation_timestamp": "2023-02-17T04:07:18.110-08:00",
            "deny": [],
            "description": "",
            "destination_ranges": [],
            "direction": "INGRESS",
            "disabled": false,
            "enable_logging": null,
            "id": "projects/david-emad-project/global/firewalls/allow-ingress-from-iap",
            "log_config": [],
            "name": "allow-ingress-from-iap",
            "network": "https://www.googleapis.com/compute/v1/projects/david-emad-project/global/networks/vpc-network",
            "priority": 1000,
            "project": "david-emad-project",
            "self_link": "https://www.googleapis.com/compute/v1/projects/david-emad-project/global/firewalls/allow-ingress-from-iap",
            "source_ranges": [
              "35.235.240.0/20"
            ],
            "source_service_accounts": [],
            "source_tags": [],
            "target_service_accounts": [],
            "target_tags": [],
            "timeouts": null
          },
          "sensitive_attributes": [],
          "private": "eyJlMmJmYjczMC1lY2FhLTExZTYtOGY4OC0zNDM2M2JjN2M0YzAiOnsiY3JlYXRlIjoxMjAwMDAwMDAwMDAwLCJkZWxldGUiOjEyMDAwMDAwMDAwMDAsInVwZGF0ZSI6MTIwMDAwMDAwMDAwMH0sInNjaGVtYV92ZXJzaW9uIjoiMSJ9",
          "dependencies": [
            "google_compute_network.vpc_network"
          ]
        }
      ]
    },
    {
      "mode": "managed",
      "type": "google_compute_instance",
      "name": "private-vm",
      "provider": "provider[\"registry.terraform.io/hashicorp/google\"]",
      "instances": [
        {
          "schema_version": 6,
          "attributes": {
            "advanced_machine_features": [],
            "allow_stopping_for_update": null,
            "attached_disk": [],
            "boot_disk": [
              {
                "auto_delete": true,
                "device_name": "persistent-disk-0",
                "disk_encryption_key_raw": "",
                "disk_encryption_key_sha256": "",
                "initialize_params": [
                  {
                    "image": "https://www.googleapis.com/compute/v1/projects/debian-cloud/global/images/debian-11-bullseye-v20230206",
                    "labels": {},
                    "size": 10,
                    "type": "pd-standard"
                  }
                ],
                "kms_key_self_link": "",
                "mode": "READ_WRITE",
                "source": "https://www.googleapis.com/compute/v1/projects/david-emad-project/zones/europe-west1-b/disks/private-vm"
              }
            ],
            "can_ip_forward": false,
            "confidential_instance_config": [],
            "cpu_platform": "Intel Broadwell",
            "current_status": "RUNNING",
            "deletion_protection": false,
            "description": "",
            "desired_status": null,
            "enable_display": false,
            "guest_accelerator": [],
            "hostname": "",
            "id": "projects/david-emad-project/zones/europe-west1-b/instances/private-vm",
            "instance_id": "8735870913809142115",
            "label_fingerprint": "42WmSpB8rSM=",
            "labels": {},
            "machine_type": "e2-medium",
            "metadata": {},
            "metadata_fingerprint": "BduGfxIOWms=",
            "metadata_startup_script": null,
            "min_cpu_platform": "",
            "name": "private-vm",
            "network_interface": [
              {
                "access_config": [],
                "alias_ip_range": [],
                "ipv6_access_config": [],
                "ipv6_access_type": "",
                "name": "nic0",
                "network": "https://www.googleapis.com/compute/v1/projects/david-emad-project/global/networks/vpc-network",
                "network_ip": "10.0.1.2",
                "nic_type": "",
                "queue_count": 0,
                "stack_type": "IPV4_ONLY",
                "subnetwork": "https://www.googleapis.com/compute/v1/projects/david-emad-project/regions/europe-west1/subnetworks/management-subnet",
                "subnetwork_project": "david-emad-project"
              }
            ],
            "project": "david-emad-project",
            "reservation_affinity": [],
            "resource_policies": [],
            "scheduling": [
              {
                "automatic_restart": true,
                "instance_termination_action": "",
                "min_node_cpus": 0,
                "node_affinities": [],
                "on_host_maintenance": "MIGRATE",
                "preemptible": false,
                "provisioning_model": "STANDARD"
              }
            ],
            "scratch_disk": [],
            "self_link": "https://www.googleapis.com/compute/v1/projects/david-emad-project/zones/europe-west1-b/instances/private-vm",
            "service_account": [
              {
                "email": "service-for-vm@david-emad-project.iam.gserviceaccount.com",
                "scopes": [
                  "https://www.googleapis.com/auth/cloud-platform"
                ]
              }
            ],
            "shielded_instance_config": [
              {
                "enable_integrity_monitoring": true,
                "enable_secure_boot": false,
                "enable_vtpm": true
              }
            ],
            "tags": [],
            "tags_fingerprint": "42WmSpB8rSM=",
            "timeouts": null,
            "zone": "europe-west1-b"
          },
          "sensitive_attributes": [],
          "private": "eyJlMmJmYjczMC1lY2FhLTExZTYtOGY4OC0zNDM2M2JjN2M0YzAiOnsiY3JlYXRlIjoxMjAwMDAwMDAwMDAwLCJkZWxldGUiOjEyMDAwMDAwMDAwMDAsInVwZGF0ZSI6MTIwMDAwMDAwMDAwMH0sInNjaGVtYV92ZXJzaW9uIjoiNiJ9",
          "dependencies": [
            "google_compute_network.vpc_network",
            "google_compute_subnetwork.management-subnet",
            "google_compute_subnetwork.restricted-subnet",
            "google_container_cluster.private-cluster",
            "google_service_account.service-for-vm"
          ]
        }
      ]
    },
    {
      "mode": "managed",
      "type": "google_compute_network",
      "name": "vpc_network",
      "provider": "provider[\"registry.terraform.io/hashicorp/google\"]",
      "instances": [
        {
          "schema_version": 0,
          "attributes": {
            "auto_create_subnetworks": false,
            "delete_default_routes_on_create": false,
            "description": "",
            "enable_ula_internal_ipv6": false,
            "gateway_ipv4": "",
            "id": "projects/david-emad-project/global/networks/vpc-network",
            "internal_ipv6_range": "",
            "mtu": 1460,
            "name": "vpc-network",
            "project": "david-emad-project",
            "routing_mode": "REGIONAL",
            "self_link": "https://www.googleapis.com/compute/v1/projects/david-emad-project/global/networks/vpc-network",
            "timeouts": null
          },
          "sensitive_attributes": [],
          "private": "eyJlMmJmYjczMC1lY2FhLTExZTYtOGY4OC0zNDM2M2JjN2M0YzAiOnsiY3JlYXRlIjoxMjAwMDAwMDAwMDAwLCJkZWxldGUiOjEyMDAwMDAwMDAwMDAsInVwZGF0ZSI6MTIwMDAwMDAwMDAwMH19"
        }
      ]
    },
    {
      "mode": "managed",
      "type": "google_compute_router",
      "name": "router",
      "provider": "provider[\"registry.terraform.io/hashicorp/google\"]",
      "instances": [
        {
          "schema_version": 0,
          "attributes": {
            "bgp": [
              {
                "advertise_mode": "DEFAULT",
                "advertised_groups": [],
                "advertised_ip_ranges": [],
                "asn": 64514,
                "keepalive_interval": 20
              }
            ],
            "creation_timestamp": "2023-02-17T04:07:29.942-08:00",
            "description": "",
            "encrypted_interconnect_router": false,
            "id": "projects/david-emad-project/regions/europe-west1/routers/my-router",
            "name": "my-router",
            "network": "https://www.googleapis.com/compute/v1/projects/david-emad-project/global/networks/vpc-network",
            "project": "david-emad-project",
            "region": "europe-west1",
            "self_link": "https://www.googleapis.com/compute/v1/projects/david-emad-project/regions/europe-west1/routers/my-router",
            "timeouts": null
          },
          "sensitive_attributes": [],
          "private": "eyJlMmJmYjczMC1lY2FhLTExZTYtOGY4OC0zNDM2M2JjN2M0YzAiOnsiY3JlYXRlIjoxMjAwMDAwMDAwMDAwLCJkZWxldGUiOjEyMDAwMDAwMDAwMDAsInVwZGF0ZSI6MTIwMDAwMDAwMDAwMH19",
          "dependencies": [
            "google_compute_network.vpc_network",
            "google_compute_subnetwork.management-subnet"
          ]
        }
      ]
    },
    {
      "mode": "managed",
      "type": "google_compute_router",
      "name": "router-jenkins",
      "provider": "provider[\"registry.terraform.io/hashicorp/google\"]",
      "instances": [
        {
          "schema_version": 0,
          "attributes": {
            "bgp": [
              {
                "advertise_mode": "DEFAULT",
                "advertised_groups": [],
                "advertised_ip_ranges": [],
                "asn": 64514,
                "keepalive_interval": 20
              }
            ],
            "creation_timestamp": "2023-02-17T04:07:29.859-08:00",
            "description": "",
            "encrypted_interconnect_router": false,
            "id": "projects/david-emad-project/regions/europe-west1/routers/router-jenkins",
            "name": "router-jenkins",
            "network": "https://www.googleapis.com/compute/v1/projects/david-emad-project/global/networks/vpc-network",
            "project": "david-emad-project",
            "region": "europe-west1",
            "self_link": "https://www.googleapis.com/compute/v1/projects/david-emad-project/regions/europe-west1/routers/router-jenkins",
            "timeouts": null
          },
          "sensitive_attributes": [],
          "private": "eyJlMmJmYjczMC1lY2FhLTExZTYtOGY4OC0zNDM2M2JjN2M0YzAiOnsiY3JlYXRlIjoxMjAwMDAwMDAwMDAwLCJkZWxldGUiOjEyMDAwMDAwMDAwMDAsInVwZGF0ZSI6MTIwMDAwMDAwMDAwMH19",
          "dependencies": [
            "google_compute_network.vpc_network",
            "google_compute_subnetwork.restricted-subnet"
          ]
        }
      ]
    },
    {
      "mode": "managed",
      "type": "google_compute_router_nat",
      "name": "nat",
      "provider": "provider[\"registry.terraform.io/hashicorp/google\"]",
      "instances": [
        {
          "schema_version": 0,
          "attributes": {
            "drain_nat_ips": [],
            "enable_dynamic_port_allocation": false,
            "enable_endpoint_independent_mapping": true,
            "icmp_idle_timeout_sec": 30,
            "id": "david-emad-project/europe-west1/my-router/nat",
            "log_config": [],
            "max_ports_per_vm": 0,
            "min_ports_per_vm": 0,
            "name": "nat",
            "nat_ip_allocate_option": "MANUAL_ONLY",
            "nat_ips": [
              "https://www.googleapis.com/compute/v1/projects/david-emad-project/regions/europe-west1/addresses/nataddress"
            ],
            "project": "david-emad-project",
            "region": "europe-west1",
            "router": "my-router",
            "rules": [],
            "source_subnetwork_ip_ranges_to_nat": "LIST_OF_SUBNETWORKS",
            "subnetwork": [
              {
                "name": "https://www.googleapis.com/compute/v1/projects/david-emad-project/regions/europe-west1/subnetworks/management-subnet",
                "secondary_ip_range_names": [],
                "source_ip_ranges_to_nat": [
                  "ALL_IP_RANGES"
                ]
              }
            ],
            "tcp_established_idle_timeout_sec": 1200,
            "tcp_time_wait_timeout_sec": 120,
            "tcp_transitory_idle_timeout_sec": 30,
            "timeouts": null,
            "udp_idle_timeout_sec": 30
          },
          "sensitive_attributes": [],
          "private": "eyJlMmJmYjczMC1lY2FhLTExZTYtOGY4OC0zNDM2M2JjN2M0YzAiOnsiY3JlYXRlIjoxMjAwMDAwMDAwMDAwLCJkZWxldGUiOjEyMDAwMDAwMDAwMDAsInVwZGF0ZSI6MTIwMDAwMDAwMDAwMH19",
          "dependencies": [
            "google_compute_address.nataddress",
            "google_compute_network.vpc_network",
            "google_compute_router.router",
            "google_compute_subnetwork.management-subnet"
          ]
        }
      ]
    },
    {
      "mode": "managed",
      "type": "google_compute_router_nat",
      "name": "private-nat",
      "provider": "provider[\"registry.terraform.io/hashicorp/google\"]",
      "instances": [
        {
          "schema_version": 0,
          "attributes": {
            "drain_nat_ips": [],
            "enable_dynamic_port_allocation": false,
            "enable_endpoint_independent_mapping": true,
            "icmp_idle_timeout_sec": 30,
            "id": "david-emad-project/europe-west1/router-jenkins/private-nat",
            "log_config": [],
            "max_ports_per_vm": 0,
            "min_ports_per_vm": 0,
            "name": "private-nat",
            "nat_ip_allocate_option": "MANUAL_ONLY",
            "nat_ips": [
              "https://www.googleapis.com/compute/v1/projects/david-emad-project/regions/europe-west1/addresses/jenkinsaddress"
            ],
            "project": "david-emad-project",
            "region": "europe-west1",
            "router": "router-jenkins",
            "rules": [],
            "source_subnetwork_ip_ranges_to_nat": "LIST_OF_SUBNETWORKS",
            "subnetwork": [
              {
                "name": "https://www.googleapis.com/compute/v1/projects/david-emad-project/regions/europe-west1/subnetworks/restricted-subnet",
                "secondary_ip_range_names": [],
                "source_ip_ranges_to_nat": [
                  "ALL_IP_RANGES"
                ]
              }
            ],
            "tcp_established_idle_timeout_sec": 1200,
            "tcp_time_wait_timeout_sec": 120,
            "tcp_transitory_idle_timeout_sec": 30,
            "timeouts": null,
            "udp_idle_timeout_sec": 30
          },
          "sensitive_attributes": [],
          "private": "eyJlMmJmYjczMC1lY2FhLTExZTYtOGY4OC0zNDM2M2JjN2M0YzAiOnsiY3JlYXRlIjoxMjAwMDAwMDAwMDAwLCJkZWxldGUiOjEyMDAwMDAwMDAwMDAsInVwZGF0ZSI6MTIwMDAwMDAwMDAwMH19",
          "dependencies": [
            "google_compute_address.jenkinsaddress",
            "google_compute_network.vpc_network",
            "google_compute_router.router-jenkins",
            "google_compute_subnetwork.restricted-subnet"
          ]
        }
      ]
    },
    {
      "mode": "managed",
      "type": "google_compute_subnetwork",
      "name": "management-subnet",
      "provider": "provider[\"registry.terraform.io/hashicorp/google\"]",
      "instances": [
        {
          "schema_version": 0,
          "attributes": {
            "creation_timestamp": "2023-02-17T04:07:18.762-08:00",
            "description": "",
            "external_ipv6_prefix": "",
            "fingerprint": null,
            "gateway_address": "10.0.1.1",
            "id": "projects/david-emad-project/regions/europe-west1/subnetworks/management-subnet",
            "ip_cidr_range": "10.0.1.0/24",
            "ipv6_access_type": "",
            "ipv6_cidr_range": "",
            "log_config": [],
            "name": "management-subnet",
            "network": "https://www.googleapis.com/compute/v1/projects/david-emad-project/global/networks/vpc-network",
            "private_ip_google_access": false,
            "private_ipv6_google_access": "DISABLE_GOOGLE_ACCESS",
            "project": "david-emad-project",
            "purpose": "PRIVATE",
            "region": "europe-west1",
            "role": "",
            "secondary_ip_range": [],
            "self_link": "https://www.googleapis.com/compute/v1/projects/david-emad-project/regions/europe-west1/subnetworks/management-subnet",
            "stack_type": "IPV4_ONLY",
            "timeouts": null
          },
          "sensitive_attributes": [],
          "private": "eyJlMmJmYjczMC1lY2FhLTExZTYtOGY4OC0zNDM2M2JjN2M0YzAiOnsiY3JlYXRlIjoxMjAwMDAwMDAwMDAwLCJkZWxldGUiOjEyMDAwMDAwMDAwMDAsInVwZGF0ZSI6MTIwMDAwMDAwMDAwMH19",
          "dependencies": [
            "google_compute_network.vpc_network"
          ]
        }
      ]
    },
    {
      "mode": "managed",
      "type": "google_compute_subnetwork",
      "name": "restricted-subnet",
      "provider": "provider[\"registry.terraform.io/hashicorp/google\"]",
      "instances": [
        {
          "schema_version": 0,
          "attributes": {
            "creation_timestamp": "2023-02-17T04:07:18.840-08:00",
            "description": "",
            "external_ipv6_prefix": "",
            "fingerprint": null,
            "gateway_address": "10.0.2.1",
            "id": "projects/david-emad-project/regions/europe-west1/subnetworks/restricted-subnet",
            "ip_cidr_range": "10.0.2.0/24",
            "ipv6_access_type": "",
            "ipv6_cidr_range": "",
            "log_config": [],
            "name": "restricted-subnet",
            "network": "https://www.googleapis.com/compute/v1/projects/david-emad-project/global/networks/vpc-network",
            "private_ip_google_access": true,
            "private_ipv6_google_access": "DISABLE_GOOGLE_ACCESS",
            "project": "david-emad-project",
            "purpose": "PRIVATE",
            "region": "europe-west1",
            "role": "",
            "secondary_ip_range": [
              {
                "ip_cidr_range": "10.2.0.0/16",
                "range_name": "gke-private-cluster-services-0b498990"
              },
              {
                "ip_cidr_range": "10.1.0.0/16",
                "range_name": "gke-private-cluster-pods-0b498990"
              }
            ],
            "self_link": "https://www.googleapis.com/compute/v1/projects/david-emad-project/regions/europe-west1/subnetworks/restricted-subnet",
            "stack_type": "IPV4_ONLY",
            "timeouts": null
          },
          "sensitive_attributes": [],
          "private": "eyJlMmJmYjczMC1lY2FhLTExZTYtOGY4OC0zNDM2M2JjN2M0YzAiOnsiY3JlYXRlIjoxMjAwMDAwMDAwMDAwLCJkZWxldGUiOjEyMDAwMDAwMDAwMDAsInVwZGF0ZSI6MTIwMDAwMDAwMDAwMH19",
          "dependencies": [
            "google_compute_network.vpc_network"
          ]
        }
      ]
    },
    {
      "mode": "managed",
      "type": "google_container_cluster",
      "name": "private-cluster",
      "provider": "provider[\"registry.terraform.io/hashicorp/google\"]",
      "instances": [
        {
          "schema_version": 1,
          "attributes": {
            "addons_config": [
              {
                "cloudrun_config": [],
                "config_connector_config": [],
                "dns_cache_config": [],
                "gce_persistent_disk_csi_driver_config": [
                  {
                    "enabled": true
                  }
                ],
                "gcp_filestore_csi_driver_config": [],
                "gke_backup_agent_config": [],
                "horizontal_pod_autoscaling": [],
                "http_load_balancing": [],
                "network_policy_config": [
                  {
                    "disabled": true
                  }
                ]
              }
            ],
            "authenticator_groups_config": [],
            "binary_authorization": [
              {
                "enabled": false,
                "evaluation_mode": ""
              }
            ],
            "cluster_autoscaling": [
              {
                "auto_provisioning_defaults": [],
                "enabled": false,
                "resource_limits": []
              }
            ],
            "cluster_ipv4_cidr": "10.1.0.0/16",
            "confidential_nodes": [],
            "cost_management_config": [],
            "database_encryption": [
              {
                "key_name": "",
                "state": "DECRYPTED"
              }
            ],
            "datapath_provider": "",
            "default_max_pods_per_node": 110,
            "default_snat_status": [
              {
                "disabled": false
              }
            ],
            "description": "",
            "dns_config": [],
            "enable_autopilot": false,
            "enable_binary_authorization": false,
            "enable_intranode_visibility": false,
            "enable_kubernetes_alpha": false,
            "enable_l4_ilb_subsetting": false,
            "enable_legacy_abac": false,
            "enable_shielded_nodes": true,
            "enable_tpu": false,
            "endpoint": "172.16.0.34",
            "gateway_api_config": [],
            "id": "projects/david-emad-project/locations/europe-west1/clusters/private-cluster",
            "initial_node_count": 1,
            "ip_allocation_policy": [
              {
                "cluster_ipv4_cidr_block": "10.1.0.0/16",
                "cluster_secondary_range_name": "gke-private-cluster-pods-0b498990",
                "services_ipv4_cidr_block": "10.2.0.0/16",
                "services_secondary_range_name": "gke-private-cluster-services-0b498990"
              }
            ],
            "label_fingerprint": "a9dc16a7",
            "location": "europe-west1",
            "logging_config": [
              {
                "enable_components": [
                  "SYSTEM_COMPONENTS",
                  "WORKLOADS"
                ]
              }
            ],
            "logging_service": "logging.googleapis.com/kubernetes",
            "maintenance_policy": [],
            "master_auth": [
              {
                "client_certificate": "",
                "client_certificate_config": [
                  {
                    "issue_client_certificate": false
                  }
                ],
                "client_key": "",
                "cluster_ca_certificate": "LS0tLS1CRUdJTiBDRVJUSUZJQ0FURS0tLS0tCk1JSUVMVENDQXBXZ0F3SUJBZ0lSQU9mNnM0dFh4RHU2VFp4RnZOU1lsTXd3RFFZSktvWklodmNOQVFFTEJRQXcKTHpFdE1Dc0dBMVVFQXhNa00yWmpNamt4WWpJdE5qYzNOQzAwTURGakxXRTVOMkV0TURkbVkyWXdOekJsWWpnMgpNQ0FYRFRJek1ESXhOekV4TURjek1Gb1lEekl3TlRNd01qQTVNVEl3TnpNd1dqQXZNUzB3S3dZRFZRUURFeVF6ClptTXlPVEZpTWkwMk56YzBMVFF3TVdNdFlUazNZUzB3TjJaalpqQTNNR1ZpT0RZd2dnR2lNQTBHQ1NxR1NJYjMKRFFFQkFRVUFBNElCandBd2dnR0tBb0lCZ1FERFhtWGNTYU1saWdxYWFtd2l6eGhKS0VWcnNvTXBlR05qbG5zcgpwaUU0ZzE1dnRhT3gxUktQT3MyNVZqaFhrUmJJdlB4bzhMbUN6bGt2dklObml4OURsSjNwRllxQkZLWHh3NGdJClgvK1RVcDFudVc3NmxxeEQwWm50RjNTQzYrUm5pR0lKRDNpMWxwQ29wZnU3MXpsNzRUK1hCUjV1S21INlQ4ZWgKcjBxQmtPTjFDYVVaSytPZ3ZKWGRkVitNQkx3dmZaWXdWZjVwYmk3cjFqS0tiNnVKN05ZTS9RZlB4WFRlRHluTgprc3lFTEJEeDRYTW54ek9IWE42bi9oTG0vVStpRDBUdDl2dEJlTUxtNW16R1FWS1BTT0d6SkhBQnJxYWJadU9HCkhxbWdRSzRtNUFIUGpQR2p1WWh6L2tWcCtxaEVPUURGakpqd0cvQ0Q3dDQwVGNUYVhPR1d3SUFnV3FDTm5jZGwKTU16amF4LzU4VDdEaVdPSm1pNHpoQkRFcDVYTmJGVUFzb2l0dzd3RkNqRTZmT1hxR1A4N1MwbERpczd3cjVIZwp4YXZVSkFvdW0rd0tUblRlWWxGb05MTHduK3lQTmczWHYvVEZubGVNOWZPNDY3eVUwcE9adlpyZXFNdy9RaVgvCmpPdzN6MloxSjBsRnZWQkZnUGR5bW10bjY5RUNBd0VBQWFOQ01FQXdEZ1lEVlIwUEFRSC9CQVFEQWdJRU1BOEcKQTFVZEV3RUIvd1FGTUFNQkFmOHdIUVlEVlIwT0JCWUVGQzMydU1JMEYyZ3VzZWNvYnN6Rmtod3dkZVl6TUEwRwpDU3FHU0liM0RRRUJDd1VBQTRJQmdRQnV3cWJiQXlJUjM0Mm44d2hPeWs3bGMxdWppTUx2TkRhdlZZTVlnK3V3CmQrcGlrMFdOUVNucGp0cU5WdmFLWmdObWYzTFRZeDdMZUVuZ2daL2t3SVJPTVVkTGpMdDFqbmRVSTZ1QlhOTjgKNjNPcHc2SUFsZk9rdFdxWmlmOU1ZdkRUVVpqL04wSVdZektGODYxMGQ3R1B3RVNwZ292TXlzcFRJSGJ1YS9kUApRZ1hjd3EwZEorWDBKaG9YZkVIS0V5T2cvRmxDUmUvYkVJWTNweTNKd2cyV3JUb0EyNHpndFpmR3NIdm15VEc4CkR2dGdpSlQzN1lTUmtXNWZrTDhQaUlndWhrUUNJRVZFaGdyUlJXcUhtSE01NS9YaUdEdms0UU1TZjV3LzFydUMKaDgwSEdQeDkxN0hRQmRMNVowNW1kY1I5a0lCcDN1T20yV0ZKOEdLaGExdXFiNExuN0g3Q3ZwT1FjRWgyYmorbwpxSEdDVnRHelNHUmZZOVhkZE5YSldydk5tMis4UnpUNTRad25mMU5pMElxb1l5eURFUmRrUDZhdjhSTzZZbkFMClFmcStPeHU3UEJ6OUpqMFlEb3lJNmY4UVJjRkxVTVFNNXlUeHIyT2x5ejlndVNGS3g1SVh2bzFGR3FmbUhNUU4Kb05BeXBVR0FyTE4wQlhVbmVmdnM1djg9Ci0tLS0tRU5EIENFUlRJRklDQVRFLS0tLS0K"
              }
            ],
            "master_authorized_networks_config": [
              {
                "cidr_blocks": [
                  {
                    "cidr_block": "10.0.1.0/24",
                    "display_name": "trusted-networks-from-private-vm"
                  }
                ],
                "gcp_public_cidrs_access_enabled": false
              }
            ],
            "master_version": "1.23.14-gke.1800",
            "mesh_certificates": [],
            "min_master_version": null,
            "monitoring_config": [
              {
                "enable_components": [
                  "SYSTEM_COMPONENTS"
                ],
                "managed_prometheus": []
              }
            ],
            "monitoring_service": "monitoring.googleapis.com/kubernetes",
            "name": "private-cluster",
            "network": "projects/david-emad-project/global/networks/vpc-network",
            "network_policy": [
              {
                "enabled": false,
                "provider": "PROVIDER_UNSPECIFIED"
              }
            ],
            "networking_mode": "VPC_NATIVE",
            "node_config": [
              {
                "boot_disk_kms_key": "",
                "disk_size_gb": 100,
                "disk_type": "pd-standard",
                "gcfs_config": [],
                "guest_accelerator": [],
                "gvnic": [],
                "image_type": "COS_CONTAINERD",
                "kubelet_config": [],
                "labels": {},
                "linux_node_config": [],
                "local_ssd_count": 0,
                "logging_variant": "DEFAULT",
                "machine_type": "e2-standard-2",
                "metadata": {
                  "disable-legacy-endpoints": "true"
                },
                "min_cpu_platform": "",
                "node_group": "",
                "oauth_scopes": [
                  "https://www.googleapis.com/auth/logging.write",
                  "https://www.googleapis.com/auth/monitoring"
                ],
                "preemptible": true,
                "reservation_affinity": [],
                "resource_labels": {},
                "service_account": "default",
                "shielded_instance_config": [
                  {
                    "enable_integrity_monitoring": true,
                    "enable_secure_boot": false
                  }
                ],
                "spot": false,
                "tags": [],
                "taint": [],
                "workload_metadata_config": []
              }
            ],
            "node_locations": [
              "europe-west1-b",
              "europe-west1-c",
              "europe-west1-d"
            ],
            "node_pool": [
              {
                "autoscaling": [],
                "initial_node_count": 1,
                "instance_group_urls": [
                  "https://www.googleapis.com/compute/v1/projects/david-emad-project/zones/europe-west1-b/instanceGroupManagers/gke-private-cluster-my-node-pool-94c9ccac-grp",
                  "https://www.googleapis.com/compute/v1/projects/david-emad-project/zones/europe-west1-c/instanceGroupManagers/gke-private-cluster-my-node-pool-441dea87-grp",
                  "https://www.googleapis.com/compute/v1/projects/david-emad-project/zones/europe-west1-d/instanceGroupManagers/gke-private-cluster-my-node-pool-f6dab76a-grp"
                ],
                "managed_instance_group_urls": [
                  "https://www.googleapis.com/compute/v1/projects/david-emad-project/zones/europe-west1-b/instanceGroups/gke-private-cluster-my-node-pool-94c9ccac-grp",
                  "https://www.googleapis.com/compute/v1/projects/david-emad-project/zones/europe-west1-c/instanceGroups/gke-private-cluster-my-node-pool-441dea87-grp",
                  "https://www.googleapis.com/compute/v1/projects/david-emad-project/zones/europe-west1-d/instanceGroups/gke-private-cluster-my-node-pool-f6dab76a-grp"
                ],
                "management": [
                  {
                    "auto_repair": true,
                    "auto_upgrade": true
                  }
                ],
                "max_pods_per_node": 110,
                "name": "my-node-pool",
                "name_prefix": "",
                "network_config": [
                  {
                    "create_pod_range": false,
                    "enable_private_nodes": false,
                    "pod_ipv4_cidr_block": "10.1.0.0/16",
                    "pod_range": "gke-private-cluster-pods-0b498990"
                  }
                ],
                "node_config": [
                  {
                    "boot_disk_kms_key": "",
                    "disk_size_gb": 100,
                    "disk_type": "pd-standard",
                    "gcfs_config": [],
                    "guest_accelerator": [],
                    "gvnic": [],
                    "image_type": "COS_CONTAINERD",
                    "kubelet_config": [],
                    "labels": {},
                    "linux_node_config": [],
                    "local_ssd_count": 0,
                    "logging_variant": "DEFAULT",
                    "machine_type": "e2-standard-2",
                    "metadata": {
                      "disable-legacy-endpoints": "true"
                    },
                    "min_cpu_platform": "",
                    "node_group": "",
                    "oauth_scopes": [
                      "https://www.googleapis.com/auth/logging.write",
                      "https://www.googleapis.com/auth/monitoring"
                    ],
                    "preemptible": true,
                    "reservation_affinity": [],
                    "resource_labels": {},
                    "service_account": "default",
                    "shielded_instance_config": [
                      {
                        "enable_integrity_monitoring": true,
                        "enable_secure_boot": false
                      }
                    ],
                    "spot": false,
                    "tags": [],
                    "taint": [],
                    "workload_metadata_config": []
                  }
                ],
                "node_count": 1,
                "node_locations": [
                  "europe-west1-b",
                  "europe-west1-c",
                  "europe-west1-d"
                ],
                "placement_policy": [],
                "upgrade_settings": [
                  {
                    "blue_green_settings": [],
                    "max_surge": 1,
                    "max_unavailable": 0,
                    "strategy": "SURGE"
                  }
                ],
                "version": "1.23.14-gke.1800"
              }
            ],
            "node_pool_defaults": [
              {
                "node_config_defaults": [
                  {
                    "logging_variant": "DEFAULT"
                  }
                ]
              }
            ],
            "node_version": "1.23.14-gke.1800",
            "notification_config": [
              {
                "pubsub": [
                  {
                    "enabled": false,
                    "filter": [],
                    "topic": ""
                  }
                ]
              }
            ],
            "operation": null,
            "private_cluster_config": [
              {
                "enable_private_endpoint": true,
                "enable_private_nodes": true,
                "master_global_access_config": [
                  {
                    "enabled": false
                  }
                ],
                "master_ipv4_cidr_block": "172.16.0.32/28",
                "peering_name": "gke-neaa2a963f557a9e74c1-b822-4d43-peer",
                "private_endpoint": "172.16.0.34",
                "private_endpoint_subnetwork": "",
                "public_endpoint": "35.187.20.97"
              }
            ],
            "private_ipv6_google_access": "",
            "project": "david-emad-project",
            "release_channel": [
              {
                "channel": "STABLE"
              }
            ],
            "remove_default_node_pool": true,
            "resource_labels": {},
            "resource_usage_export_config": [],
            "self_link": "https://container.googleapis.com/v1/projects/david-emad-project/locations/europe-west1/clusters/private-cluster",
            "service_external_ips_config": [
              {
                "enabled": false
              }
            ],
            "services_ipv4_cidr": "10.2.0.0/16",
            "subnetwork": "projects/david-emad-project/regions/europe-west1/subnetworks/restricted-subnet",
            "timeouts": null,
            "tpu_ipv4_cidr_block": "",
            "vertical_pod_autoscaling": [
              {
                "enabled": true
              }
            ],
            "workload_identity_config": []
          },
          "sensitive_attributes": [],
          "private": "eyJlMmJmYjczMC1lY2FhLTExZTYtOGY4OC0zNDM2M2JjN2M0YzAiOnsiY3JlYXRlIjoyNDAwMDAwMDAwMDAwLCJkZWxldGUiOjI0MDAwMDAwMDAwMDAsInJlYWQiOjI0MDAwMDAwMDAwMDAsInVwZGF0ZSI6MzYwMDAwMDAwMDAwMH0sInNjaGVtYV92ZXJzaW9uIjoiMSJ9",
          "dependencies": [
            "google_compute_network.vpc_network",
            "google_compute_subnetwork.restricted-subnet"
          ]
        }
      ]
    },
    {
      "mode": "managed",
      "type": "google_container_node_pool",
      "name": "primary_preemptible_nodes",
      "provider": "provider[\"registry.terraform.io/hashicorp/google\"]",
      "instances": [
        {
          "schema_version": 1,
          "attributes": {
            "autoscaling": [],
            "cluster": "projects/david-emad-project/locations/europe-west1/clusters/private-cluster",
            "id": "projects/david-emad-project/locations/europe-west1/clusters/private-cluster/nodePools/my-node-pool",
            "initial_node_count": 1,
            "instance_group_urls": [
              "https://www.googleapis.com/compute/v1/projects/david-emad-project/zones/europe-west1-b/instanceGroupManagers/gke-private-cluster-my-node-pool-94c9ccac-grp",
              "https://www.googleapis.com/compute/v1/projects/david-emad-project/zones/europe-west1-c/instanceGroupManagers/gke-private-cluster-my-node-pool-441dea87-grp",
              "https://www.googleapis.com/compute/v1/projects/david-emad-project/zones/europe-west1-d/instanceGroupManagers/gke-private-cluster-my-node-pool-f6dab76a-grp"
            ],
            "location": "europe-west1",
            "managed_instance_group_urls": [
              "https://www.googleapis.com/compute/v1/projects/david-emad-project/zones/europe-west1-b/instanceGroups/gke-private-cluster-my-node-pool-94c9ccac-grp",
              "https://www.googleapis.com/compute/v1/projects/david-emad-project/zones/europe-west1-c/instanceGroups/gke-private-cluster-my-node-pool-441dea87-grp",
              "https://www.googleapis.com/compute/v1/projects/david-emad-project/zones/europe-west1-d/instanceGroups/gke-private-cluster-my-node-pool-f6dab76a-grp"
            ],
            "management": [
              {
                "auto_repair": true,
                "auto_upgrade": true
              }
            ],
            "max_pods_per_node": 110,
            "name": "my-node-pool",
            "name_prefix": "",
            "network_config": [
              {
                "create_pod_range": false,
                "enable_private_nodes": false,
                "pod_ipv4_cidr_block": "10.1.0.0/16",
                "pod_range": "gke-private-cluster-pods-0b498990"
              }
            ],
            "node_config": [
              {
                "boot_disk_kms_key": "",
                "disk_size_gb": 100,
                "disk_type": "pd-standard",
                "gcfs_config": [],
                "guest_accelerator": [],
                "gvnic": [],
                "image_type": "COS_CONTAINERD",
                "kubelet_config": [],
                "labels": {},
                "linux_node_config": [],
                "local_ssd_count": 0,
                "logging_variant": "DEFAULT",
                "machine_type": "e2-standard-2",
                "metadata": {
                  "disable-legacy-endpoints": "true"
                },
                "min_cpu_platform": "",
                "node_group": "",
                "oauth_scopes": [
                  "https://www.googleapis.com/auth/logging.write",
                  "https://www.googleapis.com/auth/monitoring"
                ],
                "preemptible": true,
                "reservation_affinity": [],
                "resource_labels": {},
                "service_account": "default",
                "shielded_instance_config": [
                  {
                    "enable_integrity_monitoring": true,
                    "enable_secure_boot": false
                  }
                ],
                "spot": false,
                "tags": [],
                "taint": [],
                "workload_metadata_config": []
              }
            ],
            "node_count": 1,
            "node_locations": [
              "europe-west1-b",
              "europe-west1-c",
              "europe-west1-d"
            ],
            "operation": null,
            "placement_policy": [],
            "project": "david-emad-project",
            "timeouts": null,
            "upgrade_settings": [
              {
                "blue_green_settings": [],
                "max_surge": 1,
                "max_unavailable": 0,
                "strategy": "SURGE"
              }
            ],
            "version": "1.23.14-gke.1800"
          },
          "sensitive_attributes": [],
          "private": "eyJlMmJmYjczMC1lY2FhLTExZTYtOGY4OC0zNDM2M2JjN2M0YzAiOnsiY3JlYXRlIjoxODAwMDAwMDAwMDAwLCJkZWxldGUiOjE4MDAwMDAwMDAwMDAsInVwZGF0ZSI6MTgwMDAwMDAwMDAwMH0sInNjaGVtYV92ZXJzaW9uIjoiMSJ9",
          "dependencies": [
            "google_compute_network.vpc_network",
            "google_compute_subnetwork.restricted-subnet",
            "google_container_cluster.private-cluster"
          ]
        }
      ]
    },
    {
      "mode": "managed",
      "type": "google_project_iam_member",
      "name": "instance-account",
      "provider": "provider[\"registry.terraform.io/hashicorp/google\"]",
      "instances": [
        {
          "schema_version": 0,
          "attributes": {
            "condition": [],
            "etag": "BwX05CajlrM=",
            "id": "david-emad-project/roles/container.admin/serviceAccount:service-for-vm@david-emad-project.iam.gserviceaccount.com",
            "member": "serviceAccount:service-for-vm@david-emad-project.iam.gserviceaccount.com",
            "project": "david-emad-project",
            "role": "roles/container.admin"
          },
          "sensitive_attributes": [],
          "private": "bnVsbA==",
          "dependencies": [
            "google_service_account.service-for-vm"
          ]
        }
      ]
    },
    {
      "mode": "managed",
      "type": "google_service_account",
      "name": "service-for-vm",
      "provider": "provider[\"registry.terraform.io/hashicorp/google\"]",
      "instances": [
        {
          "schema_version": 0,
          "attributes": {
            "account_id": "service-for-vm",
            "description": "",
            "disabled": false,
            "display_name": "",
            "email": "service-for-vm@david-emad-project.iam.gserviceaccount.com",
            "id": "projects/david-emad-project/serviceAccounts/service-for-vm@david-emad-project.iam.gserviceaccount.com",
            "member": "serviceAccount:service-for-vm@david-emad-project.iam.gserviceaccount.com",
            "name": "projects/david-emad-project/serviceAccounts/service-for-vm@david-emad-project.iam.gserviceaccount.com",
            "project": "david-emad-project",
            "timeouts": null,
            "unique_id": "106696732569042843483"
          },
          "sensitive_attributes": [],
          "private": "eyJlMmJmYjczMC1lY2FhLTExZTYtOGY4OC0zNDM2M2JjN2M0YzAiOnsiY3JlYXRlIjozMDAwMDAwMDAwMDB9fQ=="
        }
      ]
    },
    {
      "mode": "managed",
      "type": "google_service_account_key",
      "name": "mykey",
      "provider": "provider[\"registry.terraform.io/hashicorp/google\"]",
      "instances": [
        {
          "schema_version": 0,
          "attributes": {
            "id": "projects/david-emad-project/serviceAccounts/service-for-vm@david-emad-project.iam.gserviceaccount.com/keys/2a59ed8b2c8a6122206a4deca4631bb1ee179afd",
            "keepers": null,
            "key_algorithm": "KEY_ALG_RSA_2048",
            "name": "projects/david-emad-project/serviceAccounts/service-for-vm@david-emad-project.iam.gserviceaccount.com/keys/2a59ed8b2c8a6122206a4deca4631bb1ee179afd",
            "private_key": "ewogICJ0eXBlIjogInNlcnZpY2VfYWNjb3VudCIsCiAgInByb2plY3RfaWQiOiAiZGF2aWQtZW1hZC1wcm9qZWN0IiwKICAicHJpdmF0ZV9rZXlfaWQiOiAiMmE1OWVkOGIyYzhhNjEyMjIwNmE0ZGVjYTQ2MzFiYjFlZTE3OWFmZCIsCiAgInByaXZhdGVfa2V5IjogIi0tLS0tQkVHSU4gUFJJVkFURSBLRVktLS0tLVxuTUlJRXZ3SUJBREFOQmdrcWhraUc5dzBCQVFFRkFBU0NCS2t3Z2dTbEFnRUFBb0lCQVFESncwWlRIbjZGaUdoZFxuUVNzU1lvS284ODExT2FCdFhsU3hOQUhhMmlHV0pEeWpTMjR5RHc2MVpreGdIUC8xUG9sdVFRRWx3WjZpMGJTaVxuRmd1ODVGdFJZRzdhMVBaa1Z5QXE3amtzOFRlOHlDbGJtdDZKREpRQ3FZUjhRUEovVmFZS2J6OUFoRHBsRkNSWVxud1pJODhQRmdLeGJBaWhXRTFSZGZrMy9MOVlCUSs0aFB2UnFaV3JnSHNjeFlxSDVsdHhyL2d3bzN4N1NlU2pOV1xuaTRuSUJyYkU3S01nbEQwVTBBRWJCNEZSeGUyZklHeVVoSnBUT1NsNytIckQxOUpMUHVvbXRKZ3o2RUdMeFZYb1xueW5YbmgwNk1GVWJkdE1hOTJReTd4ak8rc3Q5emlUbnZJUnhheE9QQjhITXhuV2cvTzZpY3ZRWFRQVWpIWVdNQ1xuSU9pMWIxTXZBZ01CQUFFQ2dnRUFBK0VKUFJmYy90dzhoVzUzVVljclUrdzhDd0Rzb0sycm15eVF6SkJkRFBIdFxuYUlaT3ZBK21ETDdHd1NKTm1YMTJUdlJZL1V6WHEvRzBNMW1SS0RTTHZPakp1Tk5YV1Y2RGM4L1lzWkNCcmRON1xuV0JPR0s4UmVKQjcyT1IxV2pEUXRXUTRDZlU4TmdGdit4dVlSMWJJY01la2lLdGw4eUcwQVlnb0g3dmZ0VzZFeFxubmd6c0ZGclVlQTljQ0gxVjhhVmFFaTg5a2lsSHRFWkFMcURwWGpPMTBOVzBGSDQ3YUZoVW1heVcwS1JEK2MyQlxuM1UwRllJcE9CZTBPSWVRUmdHSE1nblVJNEp1c3FmTHZFbWNSUzUrWHVoT0cyS2dVK2t2aXpiQ3ArNU9qY3hHMFxuRXRPUE04d0d1VDhJZ3FJYmNIUlpZc0p3aVZ1TnJOWjZOL201R0pyVDRRS0JnUUQxUGZQOTlRYTQ3bkRQYTg1dlxuMktsMk00Q1hwTG1EQXVWVHMvekdqNkVmVWxEbEVoeGY3Sm15R0NuOURNd3F0bFFRdUZOYVJTK3psQ1dYSFo2RFxuWFNyN1Q1YTBoS3UzZCtWMzJhVFdDVlFSVWg5UGxnM0ZpV3pNMSt3V0FUQk5qb1pneWZiRHVRak0vRFlFblhiOVxuajlnZ0JKbytncWhqRDFuMzQ5bTEzczJaVlFLQmdRRFNuUTNDTEVVelZqMjM0R0lZZ3FHY3c1MjQvcENvd2dHaFxuc1BiSjV1aHVzN2pRVFdPUkRYSkJtY2taams0b0U1SHBnd1dpRXZwUHFXN3FYWEpTRnRyYzZLNnZWb3BNeTZCRlxuQUJWdWp6QWUwVVk4VW05b3Z6Z0RiaDV6QmxMUmpERllvWlUxMFFjb1pLa0NKcmQzK3dOQzRpQjd4bWVWTHFibVxuSm1xOVZqMnFjd0tCZ1FEYXBxem1qTks4aVNLZFhISUcrSFpHZzY2d0JWYTgveFQxNXZDRkhFTzhTRWtGbzNzV1xuN3owdE15d2tpSWR6d1hIOElrdDJuVjdsVGoyaG1PL2VFWEFqOXBiWVJiMVA2NTcwbDJERzBEUmE2UXd2aWdxblxuUjFwdzNFYUthKzdrQnlHNkkvZFdFNkJNR3NZU29VNFl6bW9VU2VZM3U0aGtJYWpHUWlpMlpYcUxyUUtCZ1FESlxuQXRZL3pXcmFmV1A0Vy9Lai9BRnRFaEkxbnRqSUNDbndmV3A4OXFJK0RjL0ZGeWVCS0hrMC9TYSsrbC9EeGpITFxuMFo0TnV0a21NTXJJYWhtVEdYY1h3Z2YvRnJSMmFSMzAzUWlYZFpmeXdiK3NFTzE5NW9yNlV4NUNuL1ZwUThsUlxuRXg3S3QwNkNrZGZ3VXExbW1LN2JKZURrNFU2NVJrWktnTDM5S1JNLzJ3S0JnUUNMcjI5S1lLMG9Nd3FIdGpyZFxuR3FnQklVWmJRMkphZ21wbmpXNXdyN1JKUUhwT2E4VEc3dW1JOVhxN1pTTkZFdlJTMXdIbmJweGwxQm9VV1lqZVxuYnhvUldxK1dQQjBoUFpCMVlkN0RFVE9KajJCT1V0TU5rSWJSenl2VDRzL3lBcjAreTJ4WUVnQzZiblFPOXJGaVxuQmRseXYzdUxuTURRMGdUbS9BaDFPMGVaL2c9PVxuLS0tLS1FTkQgUFJJVkFURSBLRVktLS0tLVxuIiwKICAiY2xpZW50X2VtYWlsIjogInNlcnZpY2UtZm9yLXZtQGRhdmlkLWVtYWQtcHJvamVjdC5pYW0uZ3NlcnZpY2VhY2NvdW50LmNvbSIsCiAgImNsaWVudF9pZCI6ICIxMDY2OTY3MzI1NjkwNDI4NDM0ODMiLAogICJhdXRoX3VyaSI6ICJodHRwczovL2FjY291bnRzLmdvb2dsZS5jb20vby9vYXV0aDIvYXV0aCIsCiAgInRva2VuX3VyaSI6ICJodHRwczovL29hdXRoMi5nb29nbGVhcGlzLmNvbS90b2tlbiIsCiAgImF1dGhfcHJvdmlkZXJfeDUwOV9jZXJ0X3VybCI6ICJodHRwczovL3d3dy5nb29nbGVhcGlzLmNvbS9vYXV0aDIvdjEvY2VydHMiLAogICJjbGllbnRfeDUwOV9jZXJ0X3VybCI6ICJodHRwczovL3d3dy5nb29nbGVhcGlzLmNvbS9yb2JvdC92MS9tZXRhZGF0YS94NTA5L3NlcnZpY2UtZm9yLXZtJTQwZGF2aWQtZW1hZC1wcm9qZWN0LmlhbS5nc2VydmljZWFjY291bnQuY29tIgp9Cg==",
            "private_key_type": "TYPE_GOOGLE_CREDENTIALS_FILE",
            "public_key": "LS0tLS1CRUdJTiBDRVJUSUZJQ0FURS0tLS0tCk1JSUMvRENDQWVTZ0F3SUJBZ0lJTGlHV1M5bEtGVWN3RFFZSktvWklodmNOQVFFRkJRQXdJREVlTUJ3R0ExVUUKQXhNVk1UQTJOamsyTnpNeU5UWTVNRFF5T0RRek5EZ3pNQ0FYRFRJek1ESXhOekV5TXprd09Wb1lEems1T1RreApNak14TWpNMU9UVTVXakFnTVI0d0hBWURWUVFERXhVeE1EWTJPVFkzTXpJMU5qa3dOREk0TkRNME9ETXdnZ0VpCk1BMEdDU3FHU0liM0RRRUJBUVVBQTRJQkR3QXdnZ0VLQW9JQkFRREp3MFpUSG42RmlHaGRRU3NTWW9Lbzg4MTEKT2FCdFhsU3hOQUhhMmlHV0pEeWpTMjR5RHc2MVpreGdIUC8xUG9sdVFRRWx3WjZpMGJTaUZndTg1RnRSWUc3YQoxUFprVnlBcTdqa3M4VGU4eUNsYm10NkpESlFDcVlSOFFQSi9WYVlLYno5QWhEcGxGQ1JZd1pJODhQRmdLeGJBCmloV0UxUmRmazMvTDlZQlErNGhQdlJxWldyZ0hzY3hZcUg1bHR4ci9nd28zeDdTZVNqTldpNG5JQnJiRTdLTWcKbEQwVTBBRWJCNEZSeGUyZklHeVVoSnBUT1NsNytIckQxOUpMUHVvbXRKZ3o2RUdMeFZYb3luWG5oMDZNRlViZAp0TWE5MlF5N3hqTytzdDl6aVRudklSeGF4T1BCOEhNeG5XZy9PNmljdlFYVFBVakhZV01DSU9pMWIxTXZBZ01CCkFBR2pPREEyTUF3R0ExVWRFd0VCL3dRQ01BQXdEZ1lEVlIwUEFRSC9CQVFEQWdlQU1CWUdBMVVkSlFFQi93UU0KTUFvR0NDc0dBUVVGQndNQ01BMEdDU3FHU0liM0RRRUJCUVVBQTRJQkFRQVlsemhSaXJQbXRSWHl3ZC9oREJXcgpuUWkzU0ErOWxaaFM3eVBUOEJOMHRHeDFPdEpSTWpINFBWbytBMUF5MHNtSUJvZi9ITUpCQ21zUFlLdnJEY2hmCktvSGR5YWE5ZVZqMDYyNlkwMElqY1hncDZZc0dNMk83Tys5aWpXL2RldVljYk9mcWlqRkZsd2FIUlN4MW5xS3MKVyt6eUtEbndNNGVHS3J2TTZUKzN3S1VQS2VQTE0vOWRuLzdYR1RJOWxjRUdGTTFwTXBabE0rb0JJUXNCSCs4YQovcjM5QWxndXR5cDkrTzhEa3ZZc01RREJNN1l6bERxZ1FZVTVRbDNLY0ttVGRMUnA0NEVwYmdUUUwydm9KVndsCnpkSGhXaWt5YlpFR1pqakVjLzBRWHpFYzBVVSswcnRVWnZxWkJWSW5lbFBZaEI0akhJOVV5N0dkMlZKN29oOTgKLS0tLS1FTkQgQ0VSVElGSUNBVEUtLS0tLQo=",
            "public_key_data": null,
            "public_key_type": "TYPE_X509_PEM_FILE",
            "service_account_id": "projects/david-emad-project/serviceAccounts/service-for-vm@david-emad-project.iam.gserviceaccount.com",
            "valid_after": "2023-02-17T12:39:09Z",
            "valid_before": "9999-12-31T23:59:59Z"
          },
          "sensitive_attributes": [],
          "private": "bnVsbA==",
          "dependencies": [
            "google_service_account.service-for-vm"
          ]
        }
      ]
    },
    {
      "mode": "managed",
      "type": "local_file",
      "name": "service_account",
      "provider": "provider[\"registry.terraform.io/hashicorp/local\"]",
      "instances": [
        {
          "schema_version": 0,
          "attributes": {
            "content": "{\n  \"type\": \"service_account\",\n  \"project_id\": \"david-emad-project\",\n  \"private_key_id\": \"2a59ed8b2c8a6122206a4deca4631bb1ee179afd\",\n  \"private_key\": \"-----BEGIN PRIVATE KEY-----\\nMIIEvwIBADANBgkqhkiG9w0BAQEFAASCBKkwggSlAgEAAoIBAQDJw0ZTHn6FiGhd\\nQSsSYoKo8811OaBtXlSxNAHa2iGWJDyjS24yDw61ZkxgHP/1PoluQQElwZ6i0bSi\\nFgu85FtRYG7a1PZkVyAq7jks8Te8yClbmt6JDJQCqYR8QPJ/VaYKbz9AhDplFCRY\\nwZI88PFgKxbAihWE1Rdfk3/L9YBQ+4hPvRqZWrgHscxYqH5ltxr/gwo3x7SeSjNW\\ni4nIBrbE7KMglD0U0AEbB4FRxe2fIGyUhJpTOSl7+HrD19JLPuomtJgz6EGLxVXo\\nynXnh06MFUbdtMa92Qy7xjO+st9ziTnvIRxaxOPB8HMxnWg/O6icvQXTPUjHYWMC\\nIOi1b1MvAgMBAAECggEAA+EJPRfc/tw8hW53UYcrU+w8CwDsoK2rmyyQzJBdDPHt\\naIZOvA+mDL7GwSJNmX12TvRY/UzXq/G0M1mRKDSLvOjJuNNXWV6Dc8/YsZCBrdN7\\nWBOGK8ReJB72OR1WjDQtWQ4CfU8NgFv+xuYR1bIcMekiKtl8yG0AYgoH7vftW6Ex\\nngzsFFrUeA9cCH1V8aVaEi89kilHtEZALqDpXjO10NW0FH47aFhUmayW0KRD+c2B\\n3U0FYIpOBe0OIeQRgGHMgnUI4JusqfLvEmcRS5+XuhOG2KgU+kvizbCp+5OjcxG0\\nEtOPM8wGuT8IgqIbcHRZYsJwiVuNrNZ6N/m5GJrT4QKBgQD1PfP99Qa47nDPa85v\\n2Kl2M4CXpLmDAuVTs/zGj6EfUlDlEhxf7JmyGCn9DMwqtlQQuFNaRS+zlCWXHZ6D\\nXSr7T5a0hKu3d+V32aTWCVQRUh9Plg3FiWzM1+wWATBNjoZgyfbDuQjM/DYEnXb9\\nj9ggBJo+gqhjD1n349m13s2ZVQKBgQDSnQ3CLEUzVj234GIYgqGcw524/pCowgGh\\nsPbJ5uhus7jQTWORDXJBmckZjk4oE5HpgwWiEvpPqW7qXXJSFtrc6K6vVopMy6BF\\nABVujzAe0UY8Um9ovzgDbh5zBlLRjDFYoZU10QcoZKkCJrd3+wNC4iB7xmeVLqbm\\nJmq9Vj2qcwKBgQDapqzmjNK8iSKdXHIG+HZGg66wBVa8/xT15vCFHEO8SEkFo3sW\\n7z0tMywkiIdzwXH8Ikt2nV7lTj2hmO/eEXAj9pbYRb1P6570l2DG0DRa6Qwvigqn\\nR1pw3EaKa+7kByG6I/dWE6BMGsYSoU4YzmoUSeY3u4hkIajGQii2ZXqLrQKBgQDJ\\nAtY/zWrafWP4W/Kj/AFtEhI1ntjICCnwfWp89qI+Dc/FFyeBKHk0/Sa++l/DxjHL\\n0Z4NutkmMMrIahmTGXcXwgf/FrR2aR303QiXdZfywb+sEO195or6Ux5Cn/VpQ8lR\\nEx7Kt06CkdfwUq1mmK7bJeDk4U65RkZKgL39KRM/2wKBgQCLr29KYK0oMwqHtjrd\\nGqgBIUZbQ2JagmpnjW5wr7RJQHpOa8TG7umI9Xq7ZSNFEvRS1wHnbpxl1BoUWYje\\nbxoRWq+WPB0hPZB1Yd7DETOJj2BOUtMNkIbRzyvT4s/yAr0+y2xYEgC6bnQO9rFi\\nBdlyv3uLnMDQ0gTm/Ah1O0eZ/g==\\n-----END PRIVATE KEY-----\\n\",\n  \"client_email\": \"service-for-vm@david-emad-project.iam.gserviceaccount.com\",\n  \"client_id\": \"106696732569042843483\",\n  \"auth_uri\": \"https://accounts.google.com/o/oauth2/auth\",\n  \"token_uri\": \"https://oauth2.googleapis.com/token\",\n  \"auth_provider_x509_cert_url\": \"https://www.googleapis.com/oauth2/v1/certs\",\n  \"client_x509_cert_url\": \"https://www.googleapis.com/robot/v1/metadata/x509/service-for-vm%40david-emad-project.iam.gserviceaccount.com\"\n}\n",
            "content_base64": null,
            "directory_permission": "0777",
            "file_permission": "0777",
            "filename": "/home/david/Documents/serviceaccount.json",
            "id": "cca45fd5243726c0c6c41331db83935e539baef6",
            "sensitive_content": null,
            "source": null
          },
          "sensitive_attributes": [
            [
              {
                "type": "get_attr",
                "value": "content"
              }
            ]
          ],
          "dependencies": [
            "google_service_account.service-for-vm",
            "google_service_account_key.mykey"
          ]
        }
      ]
    }
  ],
  "check_results": null
}
